{
  "version": 4,
  "terraform_version": "1.9.7",
  "serial": 57,
  "lineage": "f6dbc77f-5ea3-2816-42e7-41719e302543",
  "outputs": {},
  "resources": [
    {
      "mode": "managed",
      "type": "azurerm_container_registry",
      "name": "acr",
      "provider": "provider[\"registry.terraform.io/hashicorp/azurerm\"]",
      "instances": [
        {
          "schema_version": 2,
          "attributes": {
            "admin_enabled": true,
            "admin_password": "2pkt4zvxaS2rrIoUeteGHJlNiReQy4XbdlpbG1p7XF+ACRAGg0SM",
            "admin_username": "acr2otddev",
            "anonymous_pull_enabled": false,
            "data_endpoint_enabled": false,
            "encryption": [],
            "export_policy_enabled": true,
            "georeplications": [],
            "id": "/subscriptions/6c9013c7-4e29-464a-ae66-9f9e7ea9c55d/resourceGroups/rg-otd-dev/providers/Microsoft.ContainerRegistry/registries/acr2otddev",
            "identity": [],
            "location": "eastus2",
            "login_server": "acr2otddev.azurecr.io",
            "name": "acr2otddev",
            "network_rule_bypass_option": "AzureServices",
            "network_rule_set": [],
            "public_network_access_enabled": true,
            "quarantine_policy_enabled": false,
            "resource_group_name": "rg-otd-dev",
            "retention_policy_in_days": 0,
            "sku": "Basic",
            "tags": {
              "created_by": "terraform",
              "environment": "dev",
              "project": "otd"
            },
            "timeouts": null,
            "trust_policy_enabled": false,
            "zone_redundancy_enabled": false
          },
          "sensitive_attributes": [
            [
              {
                "type": "get_attr",
                "value": "admin_password"
              }
            ]
          ],
          "private": "eyJlMmJmYjczMC1lY2FhLTExZTYtOGY4OC0zNDM2M2JjN2M0YzAiOnsiY3JlYXRlIjoxODAwMDAwMDAwMDAwLCJkZWxldGUiOjE4MDAwMDAwMDAwMDAsInJlYWQiOjMwMDAwMDAwMDAwMCwidXBkYXRlIjoxODAwMDAwMDAwMDAwfSwic2NoZW1hX3ZlcnNpb24iOiIyIn0=",
          "dependencies": [
            "azurerm_resource_group.rg"
          ]
        }
      ]
    },
    {
      "mode": "managed",
      "type": "azurerm_mssql_database",
      "name": "sql_db",
      "provider": "provider[\"registry.terraform.io/hashicorp/azurerm\"]",
      "instances": [
        {
          "schema_version": 1,
          "attributes": {
            "auto_pause_delay_in_minutes": 0,
            "collation": "SQL_Latin1_General_CP1_CI_AS",
            "create_mode": "Default",
            "creation_source_database_id": null,
            "elastic_pool_id": "",
            "enclave_type": "",
            "geo_backup_enabled": true,
            "id": "/subscriptions/6c9013c7-4e29-464a-ae66-9f9e7ea9c55d/resourceGroups/rg-otd-dev/providers/Microsoft.Sql/servers/sqlserver-otd-dev-db/databases/otd.db",
            "identity": [],
            "import": [],
            "ledger_enabled": false,
            "license_type": "",
            "long_term_retention_policy": [
              {
                "monthly_retention": "PT0S",
                "week_of_year": 1,
                "weekly_retention": "PT0S",
                "yearly_retention": "PT0S"
              }
            ],
            "maintenance_configuration_name": "SQL_Default",
            "max_size_gb": 250,
            "min_capacity": 0,
            "name": "otd.db",
            "read_replica_count": 0,
            "read_scale": false,
            "recover_database_id": null,
            "recovery_point_id": null,
            "restore_dropped_database_id": null,
            "restore_long_term_retention_backup_id": null,
            "restore_point_in_time": null,
            "sample_name": null,
            "secondary_type": "",
            "server_id": "/subscriptions/6c9013c7-4e29-464a-ae66-9f9e7ea9c55d/resourceGroups/rg-otd-dev/providers/Microsoft.Sql/servers/sqlserver-otd-dev-db",
            "short_term_retention_policy": [
              {
                "backup_interval_in_hours": 24,
                "retention_days": 7
              }
            ],
            "sku_name": "S0",
            "storage_account_type": "Geo",
            "tags": {
              "created_by": "terraform",
              "environment": "dev",
              "project": "otd"
            },
            "threat_detection_policy": [
              {
                "disabled_alerts": [],
                "email_account_admins": "Disabled",
                "email_addresses": [],
                "retention_days": 0,
                "state": "Disabled",
                "storage_account_access_key": "",
                "storage_endpoint": ""
              }
            ],
            "timeouts": null,
            "transparent_data_encryption_enabled": true,
            "transparent_data_encryption_key_automatic_rotation_enabled": false,
            "transparent_data_encryption_key_vault_key_id": "",
            "zone_redundant": false
          },
          "sensitive_attributes": [
            [
              {
                "type": "get_attr",
                "value": "threat_detection_policy"
              },
              {
                "type": "index",
                "value": {
                  "value": 0,
                  "type": "number"
                }
              },
              {
                "type": "get_attr",
                "value": "storage_account_access_key"
              }
            ]
          ],
          "private": "eyJlMmJmYjczMC1lY2FhLTExZTYtOGY4OC0zNDM2M2JjN2M0YzAiOnsiY3JlYXRlIjozNjAwMDAwMDAwMDAwLCJkZWxldGUiOjM2MDAwMDAwMDAwMDAsInJlYWQiOjMwMDAwMDAwMDAwMCwidXBkYXRlIjozNjAwMDAwMDAwMDAwfSwic2NoZW1hX3ZlcnNpb24iOiIxIn0=",
          "dependencies": [
            "azurerm_mssql_server.sql_server",
            "azurerm_resource_group.rg"
          ]
        }
      ]
    },
    {
      "mode": "managed",
      "type": "azurerm_mssql_firewall_rule",
      "name": "allow_my_ip",
      "provider": "provider[\"registry.terraform.io/hashicorp/azurerm\"]",
      "instances": [
        {
          "schema_version": 0,
          "attributes": {
            "end_ip_address": "201.190.16.157",
            "id": "/subscriptions/6c9013c7-4e29-464a-ae66-9f9e7ea9c55d/resourceGroups/rg-otd-dev/providers/Microsoft.Sql/servers/sqlserver-otd-dev-db/firewallRules/allow_my_ip",
            "name": "allow_my_ip",
            "server_id": "/subscriptions/6c9013c7-4e29-464a-ae66-9f9e7ea9c55d/resourceGroups/rg-otd-dev/providers/Microsoft.Sql/servers/sqlserver-otd-dev-db",
            "start_ip_address": "201.190.16.157",
            "timeouts": null
          },
          "sensitive_attributes": [],
          "private": "eyJlMmJmYjczMC1lY2FhLTExZTYtOGY4OC0zNDM2M2JjN2M0YzAiOnsiY3JlYXRlIjoxODAwMDAwMDAwMDAwLCJkZWxldGUiOjE4MDAwMDAwMDAwMDAsInJlYWQiOjMwMDAwMDAwMDAwMCwidXBkYXRlIjoxODAwMDAwMDAwMDAwfX0=",
          "dependencies": [
            "azurerm_mssql_server.sql_server",
            "azurerm_resource_group.rg"
          ]
        }
      ]
    },
    {
      "mode": "managed",
      "type": "azurerm_mssql_server",
      "name": "sql_server",
      "provider": "provider[\"registry.terraform.io/hashicorp/azurerm\"]",
      "instances": [
        {
          "schema_version": 0,
          "attributes": {
            "administrator_login": "sqladmin",
            "administrator_login_password": "@zure@dmin23",
            "azuread_administrator": [],
            "connection_policy": "Default",
            "fully_qualified_domain_name": "sqlserver-otd-dev-db.database.windows.net",
            "id": "/subscriptions/6c9013c7-4e29-464a-ae66-9f9e7ea9c55d/resourceGroups/rg-otd-dev/providers/Microsoft.Sql/servers/sqlserver-otd-dev-db",
            "identity": [],
            "location": "eastus2",
            "minimum_tls_version": "1.2",
            "name": "sqlserver-otd-dev-db",
            "outbound_network_restriction_enabled": false,
            "primary_user_assigned_identity_id": "",
            "public_network_access_enabled": true,
            "resource_group_name": "rg-otd-dev",
            "restorable_dropped_database_ids": [],
            "tags": {
              "created_by": "terraform",
              "environment": "dev",
              "project": "otd"
            },
            "timeouts": null,
            "transparent_data_encryption_key_vault_key_id": "",
            "version": "12.0"
          },
          "sensitive_attributes": [
            [
              {
                "type": "get_attr",
                "value": "administrator_login_password"
              }
            ]
          ],
          "private": "eyJlMmJmYjczMC1lY2FhLTExZTYtOGY4OC0zNDM2M2JjN2M0YzAiOnsiY3JlYXRlIjozNjAwMDAwMDAwMDAwLCJkZWxldGUiOjM2MDAwMDAwMDAwMDAsInJlYWQiOjMwMDAwMDAwMDAwMCwidXBkYXRlIjozNjAwMDAwMDAwMDAwfX0=",
          "dependencies": [
            "azurerm_resource_group.rg"
          ]
        }
      ]
    },
    {
      "mode": "managed",
      "type": "azurerm_private_dns_a_record",
      "name": "private_dns_a_record",
      "provider": "provider[\"registry.terraform.io/hashicorp/azurerm\"]",
      "instances": [
        {
          "schema_version": 0,
          "attributes": {
            "fqdn": "sqlserver-record-otd-dev.private.dbserver.database.windows.net.",
            "id": "/subscriptions/6c9013c7-4e29-464a-ae66-9f9e7ea9c55d/resourceGroups/rg-otd-dev/providers/Microsoft.Network/privateDnsZones/private.dbserver.database.windows.net/A/sqlserver-record-otd-dev",
            "name": "sqlserver-record-otd-dev",
            "records": [
              "10.0.1.4"
            ],
            "resource_group_name": "rg-otd-dev",
            "tags": {},
            "timeouts": null,
            "ttl": 300,
            "zone_name": "private.dbserver.database.windows.net"
          },
          "sensitive_attributes": [],
          "private": "eyJlMmJmYjczMC1lY2FhLTExZTYtOGY4OC0zNDM2M2JjN2M0YzAiOnsiY3JlYXRlIjoxODAwMDAwMDAwMDAwLCJkZWxldGUiOjE4MDAwMDAwMDAwMDAsInJlYWQiOjMwMDAwMDAwMDAwMCwidXBkYXRlIjoxODAwMDAwMDAwMDAwfX0=",
          "dependencies": [
            "azurerm_mssql_server.sql_server",
            "azurerm_private_dns_zone.private_dns_zone",
            "azurerm_private_endpoint.sql_private_endpoint",
            "azurerm_resource_group.rg",
            "azurerm_subnet.subnetdb",
            "azurerm_virtual_network.vnet"
          ]
        }
      ]
    },
    {
      "mode": "managed",
      "type": "azurerm_private_dns_a_record",
      "name": "sa_private_dns_a_record",
      "provider": "provider[\"registry.terraform.io/hashicorp/azurerm\"]",
      "instances": [
        {
          "schema_version": 0,
          "attributes": {
            "fqdn": "storage-record-otd-dev.private.dbserver.database.windows.net.",
            "id": "/subscriptions/6c9013c7-4e29-464a-ae66-9f9e7ea9c55d/resourceGroups/rg-otd-dev/providers/Microsoft.Network/privateDnsZones/private.dbserver.database.windows.net/A/storage-record-otd-dev",
            "name": "storage-record-otd-dev",
            "records": [
              "10.0.2.4",
              "10.0.2.5"
            ],
            "resource_group_name": "rg-otd-dev",
            "tags": {},
            "timeouts": null,
            "ttl": 300,
            "zone_name": "private.dbserver.database.windows.net"
          },
          "sensitive_attributes": [],
          "private": "eyJlMmJmYjczMC1lY2FhLTExZTYtOGY4OC0zNDM2M2JjN2M0YzAiOnsiY3JlYXRlIjoxODAwMDAwMDAwMDAwLCJkZWxldGUiOjE4MDAwMDAwMDAwMDAsInJlYWQiOjMwMDAwMDAwMDAwMCwidXBkYXRlIjoxODAwMDAwMDAwMDAwfX0=",
          "dependencies": [
            "azurerm_private_dns_zone.private_dns_zone",
            "azurerm_private_endpoint.blob_private_endpoint",
            "azurerm_private_endpoint.queue_private_endpoint",
            "azurerm_resource_group.rg",
            "azurerm_storage_account.storage_account",
            "azurerm_subnet.subnetapp",
            "azurerm_virtual_network.vnet"
          ]
        }
      ]
    },
    {
      "mode": "managed",
      "type": "azurerm_private_dns_zone",
      "name": "private_dns_zone",
      "provider": "provider[\"registry.terraform.io/hashicorp/azurerm\"]",
      "instances": [
        {
          "schema_version": 0,
          "attributes": {
            "id": "/subscriptions/6c9013c7-4e29-464a-ae66-9f9e7ea9c55d/resourceGroups/rg-otd-dev/providers/Microsoft.Network/privateDnsZones/private.dbserver.database.windows.net",
            "max_number_of_record_sets": 25000,
            "max_number_of_virtual_network_links": 1000,
            "max_number_of_virtual_network_links_with_registration": 100,
            "name": "private.dbserver.database.windows.net",
            "number_of_record_sets": 3,
            "resource_group_name": "rg-otd-dev",
            "soa_record": [
              {
                "email": "azureprivatedns-host.microsoft.com",
                "expire_time": 2419200,
                "fqdn": "private.dbserver.database.windows.net.",
                "host_name": "azureprivatedns.net",
                "minimum_ttl": 10,
                "refresh_time": 3600,
                "retry_time": 300,
                "serial_number": 1,
                "tags": {},
                "ttl": 3600
              }
            ],
            "tags": {
              "created_by": "terraform",
              "environment": "dev",
              "project": "otd"
            },
            "timeouts": null
          },
          "sensitive_attributes": [],
          "private": "eyJlMmJmYjczMC1lY2FhLTExZTYtOGY4OC0zNDM2M2JjN2M0YzAiOnsiY3JlYXRlIjoxODAwMDAwMDAwMDAwLCJkZWxldGUiOjE4MDAwMDAwMDAwMDAsInJlYWQiOjMwMDAwMDAwMDAwMCwidXBkYXRlIjoxODAwMDAwMDAwMDAwfX0=",
          "dependencies": [
            "azurerm_resource_group.rg"
          ]
        }
      ]
    },
    {
      "mode": "managed",
      "type": "azurerm_private_dns_zone",
      "name": "sa_private_dns_zone",
      "provider": "provider[\"registry.terraform.io/hashicorp/azurerm\"]",
      "instances": [
        {
          "schema_version": 0,
          "attributes": {
            "id": "/subscriptions/6c9013c7-4e29-464a-ae66-9f9e7ea9c55d/resourceGroups/rg-otd-dev/providers/Microsoft.Network/privateDnsZones/privatelink.storage.core.windows.net",
            "max_number_of_record_sets": 25000,
            "max_number_of_virtual_network_links": 1000,
            "max_number_of_virtual_network_links_with_registration": 100,
            "name": "privatelink.storage.core.windows.net",
            "number_of_record_sets": 1,
            "resource_group_name": "rg-otd-dev",
            "soa_record": [
              {
                "email": "azureprivatedns-host.microsoft.com",
                "expire_time": 2419200,
                "fqdn": "privatelink.storage.core.windows.net.",
                "host_name": "azureprivatedns.net",
                "minimum_ttl": 10,
                "refresh_time": 3600,
                "retry_time": 300,
                "serial_number": 1,
                "tags": {},
                "ttl": 3600
              }
            ],
            "tags": {
              "created_by": "terraform",
              "environment": "dev",
              "project": "otd"
            },
            "timeouts": null
          },
          "sensitive_attributes": [],
          "private": "eyJlMmJmYjczMC1lY2FhLTExZTYtOGY4OC0zNDM2M2JjN2M0YzAiOnsiY3JlYXRlIjoxODAwMDAwMDAwMDAwLCJkZWxldGUiOjE4MDAwMDAwMDAwMDAsInJlYWQiOjMwMDAwMDAwMDAwMCwidXBkYXRlIjoxODAwMDAwMDAwMDAwfX0=",
          "dependencies": [
            "azurerm_resource_group.rg"
          ]
        }
      ]
    },
    {
      "mode": "managed",
      "type": "azurerm_private_dns_zone_virtual_network_link",
      "name": "sa_vnet_link",
      "provider": "provider[\"registry.terraform.io/hashicorp/azurerm\"]",
      "instances": [
        {
          "schema_version": 0,
          "attributes": {
            "id": "/subscriptions/6c9013c7-4e29-464a-ae66-9f9e7ea9c55d/resourceGroups/rg-otd-dev/providers/Microsoft.Network/privateDnsZones/privatelink.storage.core.windows.net/virtualNetworkLinks/sa_vnetlink-otd-dev",
            "name": "sa_vnetlink-otd-dev",
            "private_dns_zone_name": "privatelink.storage.core.windows.net",
            "registration_enabled": false,
            "resource_group_name": "rg-otd-dev",
            "tags": {},
            "timeouts": null,
            "virtual_network_id": "/subscriptions/6c9013c7-4e29-464a-ae66-9f9e7ea9c55d/resourceGroups/rg-otd-dev/providers/Microsoft.Network/virtualNetworks/vnet-otd-dev"
          },
          "sensitive_attributes": [],
          "private": "eyJlMmJmYjczMC1lY2FhLTExZTYtOGY4OC0zNDM2M2JjN2M0YzAiOnsiY3JlYXRlIjoxODAwMDAwMDAwMDAwLCJkZWxldGUiOjE4MDAwMDAwMDAwMDAsInJlYWQiOjMwMDAwMDAwMDAwMCwidXBkYXRlIjoxODAwMDAwMDAwMDAwfX0=",
          "dependencies": [
            "azurerm_private_dns_zone.sa_private_dns_zone",
            "azurerm_resource_group.rg",
            "azurerm_virtual_network.vnet"
          ]
        }
      ]
    },
    {
      "mode": "managed",
      "type": "azurerm_private_dns_zone_virtual_network_link",
      "name": "vnet_link",
      "provider": "provider[\"registry.terraform.io/hashicorp/azurerm\"]",
      "instances": [
        {
          "schema_version": 0,
          "attributes": {
            "id": "/subscriptions/6c9013c7-4e29-464a-ae66-9f9e7ea9c55d/resourceGroups/rg-otd-dev/providers/Microsoft.Network/privateDnsZones/private.dbserver.database.windows.net/virtualNetworkLinks/vnetlink-otd-dev",
            "name": "vnetlink-otd-dev",
            "private_dns_zone_name": "private.dbserver.database.windows.net",
            "registration_enabled": false,
            "resource_group_name": "rg-otd-dev",
            "tags": {},
            "timeouts": null,
            "virtual_network_id": "/subscriptions/6c9013c7-4e29-464a-ae66-9f9e7ea9c55d/resourceGroups/rg-otd-dev/providers/Microsoft.Network/virtualNetworks/vnet-otd-dev"
          },
          "sensitive_attributes": [],
          "private": "eyJlMmJmYjczMC1lY2FhLTExZTYtOGY4OC0zNDM2M2JjN2M0YzAiOnsiY3JlYXRlIjoxODAwMDAwMDAwMDAwLCJkZWxldGUiOjE4MDAwMDAwMDAwMDAsInJlYWQiOjMwMDAwMDAwMDAwMCwidXBkYXRlIjoxODAwMDAwMDAwMDAwfX0=",
          "dependencies": [
            "azurerm_private_dns_zone.private_dns_zone",
            "azurerm_resource_group.rg",
            "azurerm_virtual_network.vnet"
          ]
        }
      ]
    },
    {
      "mode": "managed",
      "type": "azurerm_private_endpoint",
      "name": "blob_private_endpoint",
      "provider": "provider[\"registry.terraform.io/hashicorp/azurerm\"]",
      "instances": [
        {
          "schema_version": 0,
          "attributes": {
            "custom_dns_configs": [
              {
                "fqdn": "storageotddev0606.blob.core.windows.net",
                "ip_addresses": [
                  "10.0.2.4"
                ]
              }
            ],
            "custom_network_interface_name": "",
            "id": "/subscriptions/6c9013c7-4e29-464a-ae66-9f9e7ea9c55d/resourceGroups/rg-otd-dev/providers/Microsoft.Network/privateEndpoints/blob-private-endpont-otd-dev",
            "ip_configuration": [],
            "location": "eastus2",
            "name": "blob-private-endpont-otd-dev",
            "network_interface": [
              {
                "id": "/subscriptions/6c9013c7-4e29-464a-ae66-9f9e7ea9c55d/resourceGroups/rg-otd-dev/providers/Microsoft.Network/networkInterfaces/blob-private-endpont-otd-dev.nic.2759bbfb-7766-4423-9049-08f2d75d7c68",
                "name": "blob-private-endpont-otd-dev.nic.2759bbfb-7766-4423-9049-08f2d75d7c68"
              }
            ],
            "private_dns_zone_configs": [],
            "private_dns_zone_group": [],
            "private_service_connection": [
              {
                "is_manual_connection": false,
                "name": "storage-private-otd-dev",
                "private_connection_resource_alias": "",
                "private_connection_resource_id": "/subscriptions/6c9013c7-4e29-464a-ae66-9f9e7ea9c55d/resourceGroups/rg-otd-dev/providers/Microsoft.Storage/storageAccounts/storageotddev0606",
                "private_ip_address": "10.0.2.4",
                "request_message": "",
                "subresource_names": [
                  "blob"
                ]
              }
            ],
            "resource_group_name": "rg-otd-dev",
            "subnet_id": "/subscriptions/6c9013c7-4e29-464a-ae66-9f9e7ea9c55d/resourceGroups/rg-otd-dev/providers/Microsoft.Network/virtualNetworks/vnet-otd-dev/subnets/subnet-app-otd-dev",
            "tags": {
              "created_by": "terraform",
              "environment": "dev",
              "project": "otd"
            },
            "timeouts": null
          },
          "sensitive_attributes": [],
          "private": "eyJlMmJmYjczMC1lY2FhLTExZTYtOGY4OC0zNDM2M2JjN2M0YzAiOnsiY3JlYXRlIjozNjAwMDAwMDAwMDAwLCJkZWxldGUiOjM2MDAwMDAwMDAwMDAsInJlYWQiOjMwMDAwMDAwMDAwMCwidXBkYXRlIjozNjAwMDAwMDAwMDAwfX0=",
          "dependencies": [
            "azurerm_resource_group.rg",
            "azurerm_storage_account.storage_account",
            "azurerm_subnet.subnetapp",
            "azurerm_virtual_network.vnet"
          ]
        }
      ]
    },
    {
      "mode": "managed",
      "type": "azurerm_private_endpoint",
      "name": "queue_private_endpoint",
      "provider": "provider[\"registry.terraform.io/hashicorp/azurerm\"]",
      "instances": [
        {
          "schema_version": 0,
          "attributes": {
            "custom_dns_configs": [
              {
                "fqdn": "storageotddev0606.queue.core.windows.net",
                "ip_addresses": [
                  "10.0.2.5"
                ]
              }
            ],
            "custom_network_interface_name": "",
            "id": "/subscriptions/6c9013c7-4e29-464a-ae66-9f9e7ea9c55d/resourceGroups/rg-otd-dev/providers/Microsoft.Network/privateEndpoints/queue-private-endpont-otd-dev",
            "ip_configuration": [],
            "location": "eastus2",
            "name": "queue-private-endpont-otd-dev",
            "network_interface": [
              {
                "id": "/subscriptions/6c9013c7-4e29-464a-ae66-9f9e7ea9c55d/resourceGroups/rg-otd-dev/providers/Microsoft.Network/networkInterfaces/queue-private-endpont-otd-dev.nic.2e2868a9-20b7-44fa-9dad-50c46ca94bd9",
                "name": "queue-private-endpont-otd-dev.nic.2e2868a9-20b7-44fa-9dad-50c46ca94bd9"
              }
            ],
            "private_dns_zone_configs": [],
            "private_dns_zone_group": [],
            "private_service_connection": [
              {
                "is_manual_connection": false,
                "name": "storage-private-otd-dev",
                "private_connection_resource_alias": "",
                "private_connection_resource_id": "/subscriptions/6c9013c7-4e29-464a-ae66-9f9e7ea9c55d/resourceGroups/rg-otd-dev/providers/Microsoft.Storage/storageAccounts/storageotddev0606",
                "private_ip_address": "10.0.2.5",
                "request_message": "",
                "subresource_names": [
                  "queue"
                ]
              }
            ],
            "resource_group_name": "rg-otd-dev",
            "subnet_id": "/subscriptions/6c9013c7-4e29-464a-ae66-9f9e7ea9c55d/resourceGroups/rg-otd-dev/providers/Microsoft.Network/virtualNetworks/vnet-otd-dev/subnets/subnet-app-otd-dev",
            "tags": {
              "created_by": "terraform",
              "environment": "dev",
              "project": "otd"
            },
            "timeouts": null
          },
          "sensitive_attributes": [],
          "private": "eyJlMmJmYjczMC1lY2FhLTExZTYtOGY4OC0zNDM2M2JjN2M0YzAiOnsiY3JlYXRlIjozNjAwMDAwMDAwMDAwLCJkZWxldGUiOjM2MDAwMDAwMDAwMDAsInJlYWQiOjMwMDAwMDAwMDAwMCwidXBkYXRlIjozNjAwMDAwMDAwMDAwfX0=",
          "dependencies": [
            "azurerm_resource_group.rg",
            "azurerm_storage_account.storage_account",
            "azurerm_subnet.subnetapp",
            "azurerm_virtual_network.vnet"
          ]
        }
      ]
    },
    {
      "mode": "managed",
      "type": "azurerm_private_endpoint",
      "name": "sql_private_endpoint",
      "provider": "provider[\"registry.terraform.io/hashicorp/azurerm\"]",
      "instances": [
        {
          "schema_version": 0,
          "attributes": {
            "custom_dns_configs": [
              {
                "fqdn": "sqlserver-otd-dev-db.database.windows.net",
                "ip_addresses": [
                  "10.0.1.4"
                ]
              }
            ],
            "custom_network_interface_name": "",
            "id": "/subscriptions/6c9013c7-4e29-464a-ae66-9f9e7ea9c55d/resourceGroups/rg-otd-dev/providers/Microsoft.Network/privateEndpoints/sql-private-endpont-otd-dev",
            "ip_configuration": [],
            "location": "eastus2",
            "name": "sql-private-endpont-otd-dev",
            "network_interface": [
              {
                "id": "/subscriptions/6c9013c7-4e29-464a-ae66-9f9e7ea9c55d/resourceGroups/rg-otd-dev/providers/Microsoft.Network/networkInterfaces/sql-private-endpont-otd-dev.nic.9e72815c-783e-444d-b752-c5c18523aa69",
                "name": "sql-private-endpont-otd-dev.nic.9e72815c-783e-444d-b752-c5c18523aa69"
              }
            ],
            "private_dns_zone_configs": [],
            "private_dns_zone_group": [],
            "private_service_connection": [
              {
                "is_manual_connection": false,
                "name": "sql-private-ec-otd-dev",
                "private_connection_resource_alias": "",
                "private_connection_resource_id": "/subscriptions/6c9013c7-4e29-464a-ae66-9f9e7ea9c55d/resourceGroups/rg-otd-dev/providers/Microsoft.Sql/servers/sqlserver-otd-dev-db",
                "private_ip_address": "10.0.1.4",
                "request_message": "",
                "subresource_names": [
                  "sqlserver"
                ]
              }
            ],
            "resource_group_name": "rg-otd-dev",
            "subnet_id": "/subscriptions/6c9013c7-4e29-464a-ae66-9f9e7ea9c55d/resourceGroups/rg-otd-dev/providers/Microsoft.Network/virtualNetworks/vnet-otd-dev/subnets/subnet-db-otd-dev",
            "tags": {
              "created_by": "terraform",
              "environment": "dev",
              "project": "otd"
            },
            "timeouts": null
          },
          "sensitive_attributes": [],
          "private": "eyJlMmJmYjczMC1lY2FhLTExZTYtOGY4OC0zNDM2M2JjN2M0YzAiOnsiY3JlYXRlIjozNjAwMDAwMDAwMDAwLCJkZWxldGUiOjM2MDAwMDAwMDAwMDAsInJlYWQiOjMwMDAwMDAwMDAwMCwidXBkYXRlIjozNjAwMDAwMDAwMDAwfX0=",
          "dependencies": [
            "azurerm_mssql_server.sql_server",
            "azurerm_resource_group.rg",
            "azurerm_subnet.subnetdb",
            "azurerm_virtual_network.vnet"
          ]
        }
      ]
    },
    {
      "mode": "managed",
      "type": "azurerm_resource_group",
      "name": "rg",
      "provider": "provider[\"registry.terraform.io/hashicorp/azurerm\"]",
      "instances": [
        {
          "schema_version": 0,
          "attributes": {
            "id": "/subscriptions/6c9013c7-4e29-464a-ae66-9f9e7ea9c55d/resourceGroups/rg-otd-dev",
            "location": "eastus2",
            "managed_by": "",
            "name": "rg-otd-dev",
            "tags": {
              "created_by": "terraform",
              "environment": "dev",
              "project": "otd"
            },
            "timeouts": null
          },
          "sensitive_attributes": [],
          "private": "eyJlMmJmYjczMC1lY2FhLTExZTYtOGY4OC0zNDM2M2JjN2M0YzAiOnsiY3JlYXRlIjo1NDAwMDAwMDAwMDAwLCJkZWxldGUiOjU0MDAwMDAwMDAwMDAsInJlYWQiOjMwMDAwMDAwMDAwMCwidXBkYXRlIjo1NDAwMDAwMDAwMDAwfX0="
        }
      ]
    },
    {
      "mode": "managed",
      "type": "azurerm_service_plan",
      "name": "app_service_plan",
      "provider": "provider[\"registry.terraform.io/hashicorp/azurerm\"]",
      "instances": [
        {
          "schema_version": 1,
          "attributes": {
            "app_service_environment_id": "",
            "id": "/subscriptions/6c9013c7-4e29-464a-ae66-9f9e7ea9c55d/resourceGroups/rg-otd-dev/providers/Microsoft.Web/serverFarms/asp-otd-dev",
            "kind": "linux",
            "location": "eastus2",
            "maximum_elastic_worker_count": 1,
            "name": "asp-otd-dev",
            "os_type": "Linux",
            "per_site_scaling_enabled": false,
            "reserved": true,
            "resource_group_name": "rg-otd-dev",
            "sku_name": "B1",
            "tags": {
              "created_by": "terraform",
              "environment": "dev",
              "project": "otd"
            },
            "timeouts": null,
            "worker_count": 1,
            "zone_balancing_enabled": false
          },
          "sensitive_attributes": [],
          "private": "eyJlMmJmYjczMC1lY2FhLTExZTYtOGY4OC0zNDM2M2JjN2M0YzAiOnsiY3JlYXRlIjozNjAwMDAwMDAwMDAwLCJkZWxldGUiOjM2MDAwMDAwMDAwMDAsInJlYWQiOjMwMDAwMDAwMDAwMCwidXBkYXRlIjozNjAwMDAwMDAwMDAwfSwic2NoZW1hX3ZlcnNpb24iOiIxIn0=",
          "dependencies": [
            "azurerm_resource_group.rg"
          ]
        }
      ]
    },
    {
      "mode": "managed",
      "type": "azurerm_storage_account",
      "name": "storage_account",
      "provider": "provider[\"registry.terraform.io/hashicorp/azurerm\"]",
      "instances": [
        {
          "schema_version": 4,
          "attributes": {
            "access_tier": "Hot",
            "account_kind": "StorageV2",
            "account_replication_type": "LRS",
            "account_tier": "Standard",
            "allow_nested_items_to_be_public": true,
            "allowed_copy_scope": "",
            "azure_files_authentication": [],
            "blob_properties": [
              {
                "change_feed_enabled": false,
                "change_feed_retention_in_days": 0,
                "container_delete_retention_policy": [],
                "cors_rule": [],
                "default_service_version": "",
                "delete_retention_policy": [],
                "last_access_time_enabled": false,
                "restore_policy": [],
                "versioning_enabled": false
              }
            ],
            "cross_tenant_replication_enabled": false,
            "custom_domain": [],
            "customer_managed_key": [],
            "default_to_oauth_authentication": false,
            "dns_endpoint_type": "Standard",
            "edge_zone": "",
            "https_traffic_only_enabled": true,
            "id": "/subscriptions/6c9013c7-4e29-464a-ae66-9f9e7ea9c55d/resourceGroups/rg-otd-dev/providers/Microsoft.Storage/storageAccounts/storageotddev0606",
            "identity": [],
            "immutability_policy": [],
            "infrastructure_encryption_enabled": false,
            "is_hns_enabled": false,
            "large_file_share_enabled": false,
            "local_user_enabled": true,
            "location": "eastus2",
            "min_tls_version": "TLS1_2",
            "name": "storageotddev0606",
            "network_rules": [],
            "nfsv3_enabled": false,
            "primary_access_key": "BpHmrqTHsq/0ORX/Gt0H9kBSNI5bzx8WIFmT8NuxH2fur0u52WJPwi0FQ1yZwIqoo0aDsZUkdHCA+AStyTqk3Q==",
            "primary_blob_connection_string": "DefaultEndpointsProtocol=https;BlobEndpoint=https://storageotddev0606.blob.core.windows.net/;AccountName=storageotddev0606;AccountKey=BpHmrqTHsq/0ORX/Gt0H9kBSNI5bzx8WIFmT8NuxH2fur0u52WJPwi0FQ1yZwIqoo0aDsZUkdHCA+AStyTqk3Q==",
            "primary_blob_endpoint": "https://storageotddev0606.blob.core.windows.net/",
            "primary_blob_host": "storageotddev0606.blob.core.windows.net",
            "primary_blob_internet_endpoint": "",
            "primary_blob_internet_host": "",
            "primary_blob_microsoft_endpoint": "",
            "primary_blob_microsoft_host": "",
            "primary_connection_string": "DefaultEndpointsProtocol=https;AccountName=storageotddev0606;AccountKey=BpHmrqTHsq/0ORX/Gt0H9kBSNI5bzx8WIFmT8NuxH2fur0u52WJPwi0FQ1yZwIqoo0aDsZUkdHCA+AStyTqk3Q==;EndpointSuffix=core.windows.net",
            "primary_dfs_endpoint": "https://storageotddev0606.dfs.core.windows.net/",
            "primary_dfs_host": "storageotddev0606.dfs.core.windows.net",
            "primary_dfs_internet_endpoint": "",
            "primary_dfs_internet_host": "",
            "primary_dfs_microsoft_endpoint": "",
            "primary_dfs_microsoft_host": "",
            "primary_file_endpoint": "https://storageotddev0606.file.core.windows.net/",
            "primary_file_host": "storageotddev0606.file.core.windows.net",
            "primary_file_internet_endpoint": "",
            "primary_file_internet_host": "",
            "primary_file_microsoft_endpoint": "",
            "primary_file_microsoft_host": "",
            "primary_location": "eastus2",
            "primary_queue_endpoint": "https://storageotddev0606.queue.core.windows.net/",
            "primary_queue_host": "storageotddev0606.queue.core.windows.net",
            "primary_queue_microsoft_endpoint": "",
            "primary_queue_microsoft_host": "",
            "primary_table_endpoint": "https://storageotddev0606.table.core.windows.net/",
            "primary_table_host": "storageotddev0606.table.core.windows.net",
            "primary_table_microsoft_endpoint": "",
            "primary_table_microsoft_host": "",
            "primary_web_endpoint": "https://storageotddev0606.z20.web.core.windows.net/",
            "primary_web_host": "storageotddev0606.z20.web.core.windows.net",
            "primary_web_internet_endpoint": "",
            "primary_web_internet_host": "",
            "primary_web_microsoft_endpoint": "",
            "primary_web_microsoft_host": "",
            "public_network_access_enabled": true,
            "queue_encryption_key_type": "Service",
            "queue_properties": [
              {
                "cors_rule": [],
                "hour_metrics": [
                  {
                    "enabled": true,
                    "include_apis": true,
                    "retention_policy_days": 7,
                    "version": "1.0"
                  }
                ],
                "logging": [
                  {
                    "delete": false,
                    "read": false,
                    "retention_policy_days": 0,
                    "version": "1.0",
                    "write": false
                  }
                ],
                "minute_metrics": [
                  {
                    "enabled": false,
                    "include_apis": false,
                    "retention_policy_days": 0,
                    "version": "1.0"
                  }
                ]
              }
            ],
            "resource_group_name": "rg-otd-dev",
            "routing": [],
            "sas_policy": [],
            "secondary_access_key": "VjQRB05sdVRmBeFoICj/z4fymR+v0uQX7TvZpRdkh57RPfhomphR6YKValtbThiRkv1Il3kqGGY++AStYmWhNw==",
            "secondary_blob_connection_string": "",
            "secondary_blob_endpoint": "",
            "secondary_blob_host": "",
            "secondary_blob_internet_endpoint": "",
            "secondary_blob_internet_host": "",
            "secondary_blob_microsoft_endpoint": "",
            "secondary_blob_microsoft_host": "",
            "secondary_connection_string": "DefaultEndpointsProtocol=https;AccountName=storageotddev0606;AccountKey=VjQRB05sdVRmBeFoICj/z4fymR+v0uQX7TvZpRdkh57RPfhomphR6YKValtbThiRkv1Il3kqGGY++AStYmWhNw==;EndpointSuffix=core.windows.net",
            "secondary_dfs_endpoint": "",
            "secondary_dfs_host": "",
            "secondary_dfs_internet_endpoint": "",
            "secondary_dfs_internet_host": "",
            "secondary_dfs_microsoft_endpoint": "",
            "secondary_dfs_microsoft_host": "",
            "secondary_file_endpoint": "",
            "secondary_file_host": "",
            "secondary_file_internet_endpoint": "",
            "secondary_file_internet_host": "",
            "secondary_file_microsoft_endpoint": "",
            "secondary_file_microsoft_host": "",
            "secondary_location": "",
            "secondary_queue_endpoint": "",
            "secondary_queue_host": "",
            "secondary_queue_microsoft_endpoint": "",
            "secondary_queue_microsoft_host": "",
            "secondary_table_endpoint": "",
            "secondary_table_host": "",
            "secondary_table_microsoft_endpoint": "",
            "secondary_table_microsoft_host": "",
            "secondary_web_endpoint": "",
            "secondary_web_host": "",
            "secondary_web_internet_endpoint": "",
            "secondary_web_internet_host": "",
            "secondary_web_microsoft_endpoint": "",
            "secondary_web_microsoft_host": "",
            "sftp_enabled": false,
            "share_properties": [
              {
                "cors_rule": [],
                "retention_policy": [
                  {
                    "days": 7
                  }
                ],
                "smb": []
              }
            ],
            "shared_access_key_enabled": true,
            "static_website": [],
            "table_encryption_key_type": "Service",
            "tags": {
              "created_by": "terraform",
              "environment": "dev",
              "project": "otd"
            },
            "timeouts": null
          },
          "sensitive_attributes": [
            [
              {
                "type": "get_attr",
                "value": "secondary_connection_string"
              }
            ],
            [
              {
                "type": "get_attr",
                "value": "secondary_access_key"
              }
            ],
            [
              {
                "type": "get_attr",
                "value": "primary_connection_string"
              }
            ],
            [
              {
                "type": "get_attr",
                "value": "primary_access_key"
              }
            ],
            [
              {
                "type": "get_attr",
                "value": "secondary_blob_connection_string"
              }
            ],
            [
              {
                "type": "get_attr",
                "value": "primary_blob_connection_string"
              }
            ]
          ],
          "private": "eyJlMmJmYjczMC1lY2FhLTExZTYtOGY4OC0zNDM2M2JjN2M0YzAiOnsiY3JlYXRlIjozNjAwMDAwMDAwMDAwLCJkZWxldGUiOjM2MDAwMDAwMDAwMDAsInJlYWQiOjMwMDAwMDAwMDAwMCwidXBkYXRlIjozNjAwMDAwMDAwMDAwfSwic2NoZW1hX3ZlcnNpb24iOiI0In0=",
          "dependencies": [
            "azurerm_resource_group.rg"
          ]
        }
      ]
    },
    {
      "mode": "managed",
      "type": "azurerm_storage_container",
      "name": "blob_dbk_container",
      "provider": "provider[\"registry.terraform.io/hashicorp/azurerm\"]",
      "instances": [
        {
          "schema_version": 1,
          "attributes": {
            "container_access_type": "private",
            "default_encryption_scope": "$account-encryption-key",
            "encryption_scope_override_enabled": true,
            "has_immutability_policy": false,
            "has_legal_hold": false,
            "id": "https://storageotddev0606.blob.core.windows.net/dbknowledge",
            "metadata": {},
            "name": "dbknowledge",
            "resource_manager_id": "/subscriptions/6c9013c7-4e29-464a-ae66-9f9e7ea9c55d/resourceGroups/rg-otd-dev/providers/Microsoft.Storage/storageAccounts/storageotddev0606/blobServices/default/containers/dbknowledge",
            "storage_account_name": "storageotddev0606",
            "timeouts": null
          },
          "sensitive_attributes": [],
          "private": "eyJlMmJmYjczMC1lY2FhLTExZTYtOGY4OC0zNDM2M2JjN2M0YzAiOnsiY3JlYXRlIjoxODAwMDAwMDAwMDAwLCJkZWxldGUiOjE4MDAwMDAwMDAwMDAsInJlYWQiOjMwMDAwMDAwMDAwMCwidXBkYXRlIjoxODAwMDAwMDAwMDAwfSwic2NoZW1hX3ZlcnNpb24iOiIxIn0=",
          "dependencies": [
            "azurerm_resource_group.rg",
            "azurerm_storage_account.storage_account"
          ]
        }
      ]
    },
    {
      "mode": "managed",
      "type": "azurerm_storage_container",
      "name": "blob_dbv_container",
      "provider": "provider[\"registry.terraform.io/hashicorp/azurerm\"]",
      "instances": [
        {
          "schema_version": 1,
          "attributes": {
            "container_access_type": "private",
            "default_encryption_scope": "$account-encryption-key",
            "encryption_scope_override_enabled": true,
            "has_immutability_policy": false,
            "has_legal_hold": false,
            "id": "https://storageotddev0606.blob.core.windows.net/dbvectors",
            "metadata": {},
            "name": "dbvectors",
            "resource_manager_id": "/subscriptions/6c9013c7-4e29-464a-ae66-9f9e7ea9c55d/resourceGroups/rg-otd-dev/providers/Microsoft.Storage/storageAccounts/storageotddev0606/blobServices/default/containers/dbvectors",
            "storage_account_name": "storageotddev0606",
            "timeouts": null
          },
          "sensitive_attributes": [],
          "private": "eyJlMmJmYjczMC1lY2FhLTExZTYtOGY4OC0zNDM2M2JjN2M0YzAiOnsiY3JlYXRlIjoxODAwMDAwMDAwMDAwLCJkZWxldGUiOjE4MDAwMDAwMDAwMDAsInJlYWQiOjMwMDAwMDAwMDAwMCwidXBkYXRlIjoxODAwMDAwMDAwMDAwfSwic2NoZW1hX3ZlcnNpb24iOiIxIn0=",
          "dependencies": [
            "azurerm_resource_group.rg",
            "azurerm_storage_account.storage_account"
          ]
        }
      ]
    },
    {
      "mode": "managed",
      "type": "azurerm_storage_queue",
      "name": "storage_queue",
      "provider": "provider[\"registry.terraform.io/hashicorp/azurerm\"]",
      "instances": [
        {
          "schema_version": 1,
          "attributes": {
            "id": "https://storageotddev0606.queue.core.windows.net/vectordb-calibration-request",
            "metadata": {},
            "name": "vectordb-calibration-request",
            "resource_manager_id": "/subscriptions/6c9013c7-4e29-464a-ae66-9f9e7ea9c55d/resourceGroups/rg-otd-dev/providers/Microsoft.Storage/storageAccounts/storageotddev0606/queueServices/default/queues/vectordb-calibration-request",
            "storage_account_name": "storageotddev0606",
            "timeouts": null
          },
          "sensitive_attributes": [],
          "private": "eyJlMmJmYjczMC1lY2FhLTExZTYtOGY4OC0zNDM2M2JjN2M0YzAiOnsiY3JlYXRlIjoxODAwMDAwMDAwMDAwLCJkZWxldGUiOjE4MDAwMDAwMDAwMDAsInJlYWQiOjMwMDAwMDAwMDAwMCwidXBkYXRlIjoxODAwMDAwMDAwMDAwfSwic2NoZW1hX3ZlcnNpb24iOiIxIn0=",
          "dependencies": [
            "azurerm_resource_group.rg",
            "azurerm_storage_account.storage_account"
          ]
        }
      ]
    },
    {
      "mode": "managed",
      "type": "azurerm_subnet",
      "name": "subnetapp",
      "provider": "provider[\"registry.terraform.io/hashicorp/azurerm\"]",
      "instances": [
        {
          "schema_version": 0,
          "attributes": {
            "address_prefixes": [
              "10.0.2.0/24"
            ],
            "default_outbound_access_enabled": true,
            "delegation": [],
            "id": "/subscriptions/6c9013c7-4e29-464a-ae66-9f9e7ea9c55d/resourceGroups/rg-otd-dev/providers/Microsoft.Network/virtualNetworks/vnet-otd-dev/subnets/subnet-app-otd-dev",
            "name": "subnet-app-otd-dev",
            "private_endpoint_network_policies": "Disabled",
            "private_link_service_network_policies_enabled": true,
            "resource_group_name": "rg-otd-dev",
            "service_endpoint_policy_ids": [],
            "service_endpoints": [],
            "timeouts": null,
            "virtual_network_name": "vnet-otd-dev"
          },
          "sensitive_attributes": [],
          "private": "eyJlMmJmYjczMC1lY2FhLTExZTYtOGY4OC0zNDM2M2JjN2M0YzAiOnsiY3JlYXRlIjoxODAwMDAwMDAwMDAwLCJkZWxldGUiOjE4MDAwMDAwMDAwMDAsInJlYWQiOjMwMDAwMDAwMDAwMCwidXBkYXRlIjoxODAwMDAwMDAwMDAwfX0=",
          "dependencies": [
            "azurerm_resource_group.rg",
            "azurerm_virtual_network.vnet"
          ]
        }
      ]
    },
    {
      "mode": "managed",
      "type": "azurerm_subnet",
      "name": "subnetdb",
      "provider": "provider[\"registry.terraform.io/hashicorp/azurerm\"]",
      "instances": [
        {
          "schema_version": 0,
          "attributes": {
            "address_prefixes": [
              "10.0.1.0/24"
            ],
            "default_outbound_access_enabled": true,
            "delegation": [],
            "id": "/subscriptions/6c9013c7-4e29-464a-ae66-9f9e7ea9c55d/resourceGroups/rg-otd-dev/providers/Microsoft.Network/virtualNetworks/vnet-otd-dev/subnets/subnet-db-otd-dev",
            "name": "subnet-db-otd-dev",
            "private_endpoint_network_policies": "Disabled",
            "private_link_service_network_policies_enabled": true,
            "resource_group_name": "rg-otd-dev",
            "service_endpoint_policy_ids": [],
            "service_endpoints": [],
            "timeouts": null,
            "virtual_network_name": "vnet-otd-dev"
          },
          "sensitive_attributes": [],
          "private": "eyJlMmJmYjczMC1lY2FhLTExZTYtOGY4OC0zNDM2M2JjN2M0YzAiOnsiY3JlYXRlIjoxODAwMDAwMDAwMDAwLCJkZWxldGUiOjE4MDAwMDAwMDAwMDAsInJlYWQiOjMwMDAwMDAwMDAwMCwidXBkYXRlIjoxODAwMDAwMDAwMDAwfX0=",
          "dependencies": [
            "azurerm_resource_group.rg",
            "azurerm_virtual_network.vnet"
          ]
        }
      ]
    },
    {
      "mode": "managed",
      "type": "azurerm_subnet",
      "name": "subnetfunction",
      "provider": "provider[\"registry.terraform.io/hashicorp/azurerm\"]",
      "instances": [
        {
          "schema_version": 0,
          "attributes": {
            "address_prefixes": [
              "10.0.4.0/24"
            ],
            "default_outbound_access_enabled": true,
            "delegation": [],
            "id": "/subscriptions/6c9013c7-4e29-464a-ae66-9f9e7ea9c55d/resourceGroups/rg-otd-dev/providers/Microsoft.Network/virtualNetworks/vnet-otd-dev/subnets/subnet-function-otd-dev",
            "name": "subnet-function-otd-dev",
            "private_endpoint_network_policies": "Disabled",
            "private_link_service_network_policies_enabled": true,
            "resource_group_name": "rg-otd-dev",
            "service_endpoint_policy_ids": [],
            "service_endpoints": [],
            "timeouts": null,
            "virtual_network_name": "vnet-otd-dev"
          },
          "sensitive_attributes": [],
          "private": "eyJlMmJmYjczMC1lY2FhLTExZTYtOGY4OC0zNDM2M2JjN2M0YzAiOnsiY3JlYXRlIjoxODAwMDAwMDAwMDAwLCJkZWxldGUiOjE4MDAwMDAwMDAwMDAsInJlYWQiOjMwMDAwMDAwMDAwMCwidXBkYXRlIjoxODAwMDAwMDAwMDAwfX0=",
          "dependencies": [
            "azurerm_resource_group.rg",
            "azurerm_virtual_network.vnet"
          ]
        }
      ]
    },
    {
      "mode": "managed",
      "type": "azurerm_subnet",
      "name": "subnetweb",
      "provider": "provider[\"registry.terraform.io/hashicorp/azurerm\"]",
      "instances": [
        {
          "schema_version": 0,
          "attributes": {
            "address_prefixes": [
              "10.0.3.0/24"
            ],
            "default_outbound_access_enabled": true,
            "delegation": [
              {
                "name": "webapp_delegation",
                "service_delegation": [
                  {
                    "actions": [
                      "Microsoft.Network/virtualNetworks/subnets/join/action"
                    ],
                    "name": "Microsoft.Web/serverFarms"
                  }
                ]
              }
            ],
            "id": "/subscriptions/6c9013c7-4e29-464a-ae66-9f9e7ea9c55d/resourceGroups/rg-otd-dev/providers/Microsoft.Network/virtualNetworks/vnet-otd-dev/subnets/subnet-web-otd-dev",
            "name": "subnet-web-otd-dev",
            "private_endpoint_network_policies": "Disabled",
            "private_link_service_network_policies_enabled": true,
            "resource_group_name": "rg-otd-dev",
            "service_endpoint_policy_ids": [],
            "service_endpoints": [],
            "timeouts": null,
            "virtual_network_name": "vnet-otd-dev"
          },
          "sensitive_attributes": [],
          "private": "eyJlMmJmYjczMC1lY2FhLTExZTYtOGY4OC0zNDM2M2JjN2M0YzAiOnsiY3JlYXRlIjoxODAwMDAwMDAwMDAwLCJkZWxldGUiOjE4MDAwMDAwMDAwMDAsInJlYWQiOjMwMDAwMDAwMDAwMCwidXBkYXRlIjoxODAwMDAwMDAwMDAwfX0=",
          "dependencies": [
            "azurerm_resource_group.rg",
            "azurerm_virtual_network.vnet"
          ]
        }
      ]
    },
    {
      "mode": "managed",
      "type": "azurerm_virtual_network",
      "name": "vnet",
      "provider": "provider[\"registry.terraform.io/hashicorp/azurerm\"]",
      "instances": [
        {
          "schema_version": 0,
          "attributes": {
            "address_space": [
              "10.0.0.0/16"
            ],
            "bgp_community": "",
            "ddos_protection_plan": [],
            "dns_servers": [],
            "edge_zone": "",
            "encryption": [],
            "flow_timeout_in_minutes": 0,
            "guid": "aae18968-1fb6-4750-a42c-c180172ff1eb",
            "id": "/subscriptions/6c9013c7-4e29-464a-ae66-9f9e7ea9c55d/resourceGroups/rg-otd-dev/providers/Microsoft.Network/virtualNetworks/vnet-otd-dev",
            "location": "eastus2",
            "name": "vnet-otd-dev",
            "resource_group_name": "rg-otd-dev",
            "subnet": [
              {
                "address_prefixes": [
                  "10.0.1.0/24"
                ],
                "default_outbound_access_enabled": true,
                "delegation": [],
                "id": "/subscriptions/6c9013c7-4e29-464a-ae66-9f9e7ea9c55d/resourceGroups/rg-otd-dev/providers/Microsoft.Network/virtualNetworks/vnet-otd-dev/subnets/subnet-db-otd-dev",
                "name": "subnet-db-otd-dev",
                "private_endpoint_network_policies": "Disabled",
                "private_link_service_network_policies_enabled": true,
                "route_table_id": "",
                "security_group": "",
                "service_endpoint_policy_ids": [],
                "service_endpoints": []
              },
              {
                "address_prefixes": [
                  "10.0.2.0/24"
                ],
                "default_outbound_access_enabled": true,
                "delegation": [],
                "id": "/subscriptions/6c9013c7-4e29-464a-ae66-9f9e7ea9c55d/resourceGroups/rg-otd-dev/providers/Microsoft.Network/virtualNetworks/vnet-otd-dev/subnets/subnet-app-otd-dev",
                "name": "subnet-app-otd-dev",
                "private_endpoint_network_policies": "Disabled",
                "private_link_service_network_policies_enabled": true,
                "route_table_id": "",
                "security_group": "",
                "service_endpoint_policy_ids": [],
                "service_endpoints": []
              },
              {
                "address_prefixes": [
                  "10.0.3.0/24"
                ],
                "default_outbound_access_enabled": true,
                "delegation": [
                  {
                    "name": "webapp_delegation",
                    "service_delegation": [
                      {
                        "actions": [
                          "Microsoft.Network/virtualNetworks/subnets/action"
                        ],
                        "name": "Microsoft.Web/serverFarms"
                      }
                    ]
                  }
                ],
                "id": "/subscriptions/6c9013c7-4e29-464a-ae66-9f9e7ea9c55d/resourceGroups/rg-otd-dev/providers/Microsoft.Network/virtualNetworks/vnet-otd-dev/subnets/subnet-web-otd-dev",
                "name": "subnet-web-otd-dev",
                "private_endpoint_network_policies": "Disabled",
                "private_link_service_network_policies_enabled": true,
                "route_table_id": "",
                "security_group": "",
                "service_endpoint_policy_ids": [],
                "service_endpoints": []
              },
              {
                "address_prefixes": [
                  "10.0.4.0/24"
                ],
                "default_outbound_access_enabled": true,
                "delegation": [],
                "id": "/subscriptions/6c9013c7-4e29-464a-ae66-9f9e7ea9c55d/resourceGroups/rg-otd-dev/providers/Microsoft.Network/virtualNetworks/vnet-otd-dev/subnets/subnet-function-otd-dev",
                "name": "subnet-function-otd-dev",
                "private_endpoint_network_policies": "Disabled",
                "private_link_service_network_policies_enabled": true,
                "route_table_id": "",
                "security_group": "",
                "service_endpoint_policy_ids": [],
                "service_endpoints": []
              }
            ],
            "tags": {
              "created_by": "terraform",
              "environment": "dev",
              "project": "otd"
            },
            "timeouts": null
          },
          "sensitive_attributes": [],
          "private": "eyJlMmJmYjczMC1lY2FhLTExZTYtOGY4OC0zNDM2M2JjN2M0YzAiOnsiY3JlYXRlIjoxODAwMDAwMDAwMDAwLCJkZWxldGUiOjE4MDAwMDAwMDAwMDAsInJlYWQiOjMwMDAwMDAwMDAwMCwidXBkYXRlIjoxODAwMDAwMDAwMDAwfX0=",
          "dependencies": [
            "azurerm_resource_group.rg"
          ]
        }
      ]
    }
  ],
  "check_results": null
}
