{
  "version": 4,
  "terraform_version": "1.9.7",
  "serial": 155,
  "lineage": "f6dbc77f-5ea3-2816-42e7-41719e302543",
  "outputs": {},
  "resources": [
    {
      "mode": "managed",
      "type": "azurerm_app_service",
      "name": "webapp1",
      "provider": "provider[\"registry.terraform.io/hashicorp/azurerm\"]",
      "instances": [
        {
          "schema_version": 0,
          "attributes": {
            "app_service_plan_id": "/subscriptions/6c9013c7-4e29-464a-ae66-9f9e7ea9c55d/resourceGroups/rg-acsy-dev/providers/Microsoft.Web/serverFarms/asp-acsy-dev",
            "app_settings": {
              "DOCKER_REGISTRY_SERVER_PASSWORD": "SK5eDIm8Ql8xrBxjV5VyFRK1sllS5tsexT0rxSSFUv+ACRD17JHx",
              "DOCKER_REGISTRY_SERVER_URL": "https://acr2acsydev.azurecr.io",
              "DOCKER_REGISTRY_SERVER_USERNAME": "acr2acsydev",
              "WEBSITE_VNET_ROUTE_ALL": "1"
            },
            "auth_settings": [
              {
                "active_directory": [],
                "additional_login_params": {},
                "allowed_external_redirect_urls": [],
                "default_provider": "",
                "enabled": false,
                "facebook": [],
                "google": [],
                "issuer": "",
                "microsoft": [],
                "runtime_version": "",
                "token_refresh_extension_hours": 0,
                "token_store_enabled": false,
                "twitter": [],
                "unauthenticated_client_action": ""
              }
            ],
            "backup": [],
            "client_affinity_enabled": false,
            "client_cert_enabled": false,
            "client_cert_mode": "Required",
            "connection_string": [],
            "custom_domain_verification_id": "84C64DF568CDF352C6132010206730700329D381EF11ADD14CD8D7F84C8EF96A",
            "default_site_hostname": "uij-acsy-dev.azurewebsites.net",
            "enabled": true,
            "https_only": false,
            "id": "/subscriptions/6c9013c7-4e29-464a-ae66-9f9e7ea9c55d/resourceGroups/rg-acsy-dev/providers/Microsoft.Web/sites/uij-acsy-dev",
            "identity": [],
            "key_vault_reference_identity_id": "SystemAssigned",
            "location": "eastus2",
            "logs": [
              {
                "application_logs": [
                  {
                    "azure_blob_storage": [],
                    "file_system_level": "Off"
                  }
                ],
                "detailed_error_messages_enabled": false,
                "failed_request_tracing_enabled": false,
                "http_logs": [
                  {
                    "azure_blob_storage": [],
                    "file_system": []
                  }
                ]
              }
            ],
            "name": "uij-acsy-dev",
            "outbound_ip_address_list": [
              "20.14.246.232",
              "20.14.246.235",
              "20.14.246.237",
              "20.14.246.240",
              "20.14.246.249",
              "20.14.246.250",
              "172.175.47.20",
              "20.14.246.144",
              "20.14.246.155",
              "20.14.246.161",
              "20.14.246.164",
              "20.14.246.166",
              "20.119.136.20"
            ],
            "outbound_ip_addresses": "20.14.246.232,20.14.246.235,20.14.246.237,20.14.246.240,20.14.246.249,20.14.246.250,172.175.47.20,20.14.246.144,20.14.246.155,20.14.246.161,20.14.246.164,20.14.246.166,20.119.136.20",
            "possible_outbound_ip_address_list": [
              "20.14.246.232",
              "20.14.246.235",
              "20.14.246.237",
              "20.14.246.240",
              "20.14.246.249",
              "20.14.246.250",
              "172.175.47.20",
              "20.14.246.144",
              "20.14.246.155",
              "20.14.246.161",
              "20.14.246.164",
              "20.14.246.166",
              "20.14.246.75",
              "20.14.246.178",
              "20.14.246.180",
              "20.14.246.182",
              "20.14.246.189",
              "20.14.246.192",
              "20.14.246.203",
              "20.14.246.207",
              "20.14.246.208",
              "20.14.246.210",
              "20.14.246.217",
              "20.14.246.220",
              "20.14.246.232",
              "20.14.246.235",
              "20.14.246.237",
              "20.14.246.240",
              "20.14.246.249",
              "20.14.246.250",
              "20.14.246.253",
              "20.14.247.4",
              "20.14.247.7",
              "20.14.246.62",
              "20.14.247.8",
              "20.14.247.11",
              "20.119.136.20"
            ],
            "possible_outbound_ip_addresses": "20.14.246.232,20.14.246.235,20.14.246.237,20.14.246.240,20.14.246.249,20.14.246.250,172.175.47.20,20.14.246.144,20.14.246.155,20.14.246.161,20.14.246.164,20.14.246.166,20.14.246.75,20.14.246.178,20.14.246.180,20.14.246.182,20.14.246.189,20.14.246.192,20.14.246.203,20.14.246.207,20.14.246.208,20.14.246.210,20.14.246.217,20.14.246.220,20.14.246.232,20.14.246.235,20.14.246.237,20.14.246.240,20.14.246.249,20.14.246.250,20.14.246.253,20.14.247.4,20.14.247.7,20.14.246.62,20.14.247.8,20.14.247.11,20.119.136.20",
            "resource_group_name": "rg-acsy-dev",
            "site_config": [
              {
                "acr_use_managed_identity_credentials": false,
                "acr_user_managed_identity_client_id": "",
                "always_on": true,
                "app_command_line": "",
                "auto_swap_slot_name": "",
                "cors": [
                  {
                    "allowed_origins": [],
                    "support_credentials": false
                  }
                ],
                "default_documents": [],
                "dotnet_framework_version": "v4.0",
                "ftps_state": "FtpsOnly",
                "health_check_path": "",
                "http2_enabled": false,
                "ip_restriction": [],
                "java_container": "",
                "java_container_version": "",
                "java_version": "",
                "linux_fx_version": "DOCKER|acr2acsydev.azurecr.io/acsy/ui:latest",
                "local_mysql_enabled": false,
                "managed_pipeline_mode": "Integrated",
                "min_tls_version": "1.2",
                "number_of_workers": 1,
                "php_version": "",
                "python_version": "",
                "remote_debugging_enabled": false,
                "remote_debugging_version": "VS2022",
                "scm_ip_restriction": [],
                "scm_type": "None",
                "scm_use_main_ip_restriction": false,
                "use_32_bit_worker_process": false,
                "vnet_route_all_enabled": true,
                "websockets_enabled": false,
                "windows_fx_version": ""
              }
            ],
            "site_credential": [
              {
                "password": "NRjeTqEZbBkhQujDABceFJ0RSp50pvEcbPSjaiwoAm48jwodnHAzxuEell9R",
                "username": "$uij-acsy-dev"
              }
            ],
            "source_control": [
              {
                "branch": "main",
                "manual_integration": false,
                "repo_url": "",
                "rollback_enabled": false,
                "use_mercurial": false
              }
            ],
            "storage_account": [],
            "tags": {
              "created_by": "terraform",
              "environment": "dev",
              "project": "acsy"
            },
            "timeouts": null
          },
          "sensitive_attributes": [
            [
              {
                "type": "get_attr",
                "value": "app_settings"
              },
              {
                "type": "index",
                "value": {
                  "value": "DOCKER_REGISTRY_SERVER_PASSWORD",
                  "type": "string"
                }
              }
            ]
          ],
          "private": "eyJlMmJmYjczMC1lY2FhLTExZTYtOGY4OC0zNDM2M2JjN2M0YzAiOnsiY3JlYXRlIjoxODAwMDAwMDAwMDAwLCJkZWxldGUiOjE4MDAwMDAwMDAwMDAsInJlYWQiOjMwMDAwMDAwMDAwMCwidXBkYXRlIjoxODAwMDAwMDAwMDAwfX0=",
          "dependencies": [
            "azurerm_app_service_plan.app_service_plan",
            "azurerm_container_registry.acr",
            "azurerm_resource_group.rg",
            "azurerm_subnet.subnetweb",
            "azurerm_virtual_network.vnet"
          ]
        }
      ]
    },
    {
      "mode": "managed",
      "type": "azurerm_app_service",
      "name": "webapp2",
      "provider": "provider[\"registry.terraform.io/hashicorp/azurerm\"]",
      "instances": [
        {
          "schema_version": 0,
          "attributes": {
            "app_service_plan_id": "/subscriptions/6c9013c7-4e29-464a-ae66-9f9e7ea9c55d/resourceGroups/rg-acsy-dev/providers/Microsoft.Web/serverFarms/asp-acsy-dev",
            "app_settings": {
              "DOCKER_REGISTRY_SERVER_PASSWORD": "SK5eDIm8Ql8xrBxjV5VyFRK1sllS5tsexT0rxSSFUv+ACRD17JHx",
              "DOCKER_REGISTRY_SERVER_URL": "https://acr2acsydev.azurecr.io",
              "DOCKER_REGISTRY_SERVER_USERNAME": "acr2acsydev",
              "WEBSITE_VNET_ROUTE_ALL": "1"
            },
            "auth_settings": [
              {
                "active_directory": [],
                "additional_login_params": {},
                "allowed_external_redirect_urls": [],
                "default_provider": "",
                "enabled": false,
                "facebook": [],
                "google": [],
                "issuer": "",
                "microsoft": [],
                "runtime_version": "",
                "token_refresh_extension_hours": 0,
                "token_store_enabled": false,
                "twitter": [],
                "unauthenticated_client_action": ""
              }
            ],
            "backup": [],
            "client_affinity_enabled": false,
            "client_cert_enabled": false,
            "client_cert_mode": "Required",
            "connection_string": [],
            "custom_domain_verification_id": "84C64DF568CDF352C6132010206730700329D381EF11ADD14CD8D7F84C8EF96A",
            "default_site_hostname": "apij-acsy-dev.azurewebsites.net",
            "enabled": true,
            "https_only": false,
            "id": "/subscriptions/6c9013c7-4e29-464a-ae66-9f9e7ea9c55d/resourceGroups/rg-acsy-dev/providers/Microsoft.Web/sites/apij-acsy-dev",
            "identity": [],
            "key_vault_reference_identity_id": "SystemAssigned",
            "location": "eastus2",
            "logs": [
              {
                "application_logs": [
                  {
                    "azure_blob_storage": [],
                    "file_system_level": "Off"
                  }
                ],
                "detailed_error_messages_enabled": false,
                "failed_request_tracing_enabled": false,
                "http_logs": [
                  {
                    "azure_blob_storage": [],
                    "file_system": []
                  }
                ]
              }
            ],
            "name": "apij-acsy-dev",
            "outbound_ip_address_list": [
              "20.14.246.232",
              "20.14.246.235",
              "20.14.246.237",
              "20.14.246.240",
              "20.14.246.249",
              "20.14.246.250",
              "172.175.47.20",
              "20.14.246.144",
              "20.14.246.155",
              "20.14.246.161",
              "20.14.246.164",
              "20.14.246.166",
              "20.119.136.20"
            ],
            "outbound_ip_addresses": "20.14.246.232,20.14.246.235,20.14.246.237,20.14.246.240,20.14.246.249,20.14.246.250,172.175.47.20,20.14.246.144,20.14.246.155,20.14.246.161,20.14.246.164,20.14.246.166,20.119.136.20",
            "possible_outbound_ip_address_list": [
              "20.14.246.232",
              "20.14.246.235",
              "20.14.246.237",
              "20.14.246.240",
              "20.14.246.249",
              "20.14.246.250",
              "172.175.47.20",
              "20.14.246.144",
              "20.14.246.155",
              "20.14.246.161",
              "20.14.246.164",
              "20.14.246.166",
              "20.14.246.75",
              "20.14.246.178",
              "20.14.246.180",
              "20.14.246.182",
              "20.14.246.189",
              "20.14.246.192",
              "20.14.246.203",
              "20.14.246.207",
              "20.14.246.208",
              "20.14.246.210",
              "20.14.246.217",
              "20.14.246.220",
              "20.14.246.232",
              "20.14.246.235",
              "20.14.246.237",
              "20.14.246.240",
              "20.14.246.249",
              "20.14.246.250",
              "20.14.246.253",
              "20.14.247.4",
              "20.14.247.7",
              "20.14.246.62",
              "20.14.247.8",
              "20.14.247.11",
              "20.119.136.20"
            ],
            "possible_outbound_ip_addresses": "20.14.246.232,20.14.246.235,20.14.246.237,20.14.246.240,20.14.246.249,20.14.246.250,172.175.47.20,20.14.246.144,20.14.246.155,20.14.246.161,20.14.246.164,20.14.246.166,20.14.246.75,20.14.246.178,20.14.246.180,20.14.246.182,20.14.246.189,20.14.246.192,20.14.246.203,20.14.246.207,20.14.246.208,20.14.246.210,20.14.246.217,20.14.246.220,20.14.246.232,20.14.246.235,20.14.246.237,20.14.246.240,20.14.246.249,20.14.246.250,20.14.246.253,20.14.247.4,20.14.247.7,20.14.246.62,20.14.247.8,20.14.247.11,20.119.136.20",
            "resource_group_name": "rg-acsy-dev",
            "site_config": [
              {
                "acr_use_managed_identity_credentials": false,
                "acr_user_managed_identity_client_id": "",
                "always_on": true,
                "app_command_line": "",
                "auto_swap_slot_name": "",
                "cors": [
                  {
                    "allowed_origins": [],
                    "support_credentials": false
                  }
                ],
                "default_documents": [],
                "dotnet_framework_version": "v4.0",
                "ftps_state": "FtpsOnly",
                "health_check_path": "",
                "http2_enabled": false,
                "ip_restriction": [],
                "java_container": "",
                "java_container_version": "",
                "java_version": "",
                "linux_fx_version": "DOCKER|acr2acsydev.azurecr.io/acsy/api:latest",
                "local_mysql_enabled": false,
                "managed_pipeline_mode": "Integrated",
                "min_tls_version": "1.2",
                "number_of_workers": 1,
                "php_version": "",
                "python_version": "",
                "remote_debugging_enabled": false,
                "remote_debugging_version": "VS2022",
                "scm_ip_restriction": [],
                "scm_type": "None",
                "scm_use_main_ip_restriction": false,
                "use_32_bit_worker_process": false,
                "vnet_route_all_enabled": true,
                "websockets_enabled": false,
                "windows_fx_version": ""
              }
            ],
            "site_credential": [
              {
                "password": "AEk82363kq9mims1XnQNjkygzf6TseMMsaKFcS99kLs7TCH4J9Pwu9rmsAtu",
                "username": "$apij-acsy-dev"
              }
            ],
            "source_control": [
              {
                "branch": "main",
                "manual_integration": false,
                "repo_url": "",
                "rollback_enabled": false,
                "use_mercurial": false
              }
            ],
            "storage_account": [],
            "tags": {
              "created_by": "terraform",
              "environment": "dev",
              "project": "acsy"
            },
            "timeouts": null
          },
          "sensitive_attributes": [
            [
              {
                "type": "get_attr",
                "value": "app_settings"
              },
              {
                "type": "index",
                "value": {
                  "value": "DOCKER_REGISTRY_SERVER_PASSWORD",
                  "type": "string"
                }
              }
            ]
          ],
          "private": "eyJlMmJmYjczMC1lY2FhLTExZTYtOGY4OC0zNDM2M2JjN2M0YzAiOnsiY3JlYXRlIjoxODAwMDAwMDAwMDAwLCJkZWxldGUiOjE4MDAwMDAwMDAwMDAsInJlYWQiOjMwMDAwMDAwMDAwMCwidXBkYXRlIjoxODAwMDAwMDAwMDAwfX0=",
          "dependencies": [
            "azurerm_app_service_plan.app_service_plan",
            "azurerm_container_registry.acr",
            "azurerm_resource_group.rg",
            "azurerm_subnet.subnetweb",
            "azurerm_virtual_network.vnet"
          ]
        }
      ]
    },
    {
      "mode": "managed",
      "type": "azurerm_app_service_plan",
      "name": "app_service_plan",
      "provider": "provider[\"registry.terraform.io/hashicorp/azurerm\"]",
      "instances": [
        {
          "schema_version": 1,
          "attributes": {
            "app_service_environment_id": "",
            "id": "/subscriptions/6c9013c7-4e29-464a-ae66-9f9e7ea9c55d/resourceGroups/rg-acsy-dev/providers/Microsoft.Web/serverFarms/asp-acsy-dev",
            "is_xenon": false,
            "kind": "linux",
            "location": "eastus2",
            "maximum_elastic_worker_count": 1,
            "maximum_number_of_workers": 3,
            "name": "asp-acsy-dev",
            "per_site_scaling": false,
            "reserved": true,
            "resource_group_name": "rg-acsy-dev",
            "sku": [
              {
                "capacity": 1,
                "size": "B1",
                "tier": "Basic"
              }
            ],
            "tags": {
              "created_by": "terraform",
              "environment": "dev",
              "project": "acsy"
            },
            "timeouts": null,
            "zone_redundant": false
          },
          "sensitive_attributes": [],
          "private": "eyJlMmJmYjczMC1lY2FhLTExZTYtOGY4OC0zNDM2M2JjN2M0YzAiOnsiY3JlYXRlIjozNjAwMDAwMDAwMDAwLCJkZWxldGUiOjM2MDAwMDAwMDAwMDAsInJlYWQiOjMwMDAwMDAwMDAwMCwidXBkYXRlIjozNjAwMDAwMDAwMDAwfSwic2NoZW1hX3ZlcnNpb24iOiIxIn0=",
          "dependencies": [
            "azurerm_resource_group.rg"
          ]
        }
      ]
    },
    {
      "mode": "managed",
      "type": "azurerm_app_service_virtual_network_swift_connection",
      "name": "webapp1_vnet_integration",
      "provider": "provider[\"registry.terraform.io/hashicorp/azurerm\"]",
      "instances": [
        {
          "schema_version": 0,
          "attributes": {
            "app_service_id": "/subscriptions/6c9013c7-4e29-464a-ae66-9f9e7ea9c55d/resourceGroups/rg-acsy-dev/providers/Microsoft.Web/sites/uij-acsy-dev",
            "id": "/subscriptions/6c9013c7-4e29-464a-ae66-9f9e7ea9c55d/resourceGroups/rg-acsy-dev/providers/Microsoft.Web/sites/uij-acsy-dev/config/virtualNetwork",
            "subnet_id": "/subscriptions/6c9013c7-4e29-464a-ae66-9f9e7ea9c55d/resourceGroups/rg-acsy-dev/providers/Microsoft.Network/virtualNetworks/vnet-acsy-dev/subnets/subnet-web-acsy-dev",
            "timeouts": null
          },
          "sensitive_attributes": [],
          "private": "eyJlMmJmYjczMC1lY2FhLTExZTYtOGY4OC0zNDM2M2JjN2M0YzAiOnsiY3JlYXRlIjoxODAwMDAwMDAwMDAwLCJkZWxldGUiOjE4MDAwMDAwMDAwMDAsInJlYWQiOjMwMDAwMDAwMDAwMCwidXBkYXRlIjoxODAwMDAwMDAwMDAwfX0=",
          "dependencies": [
            "azurerm_app_service.webapp1",
            "azurerm_app_service_plan.app_service_plan",
            "azurerm_container_registry.acr",
            "azurerm_resource_group.rg",
            "azurerm_subnet.subnetweb",
            "azurerm_virtual_network.vnet"
          ]
        }
      ]
    },
    {
      "mode": "managed",
      "type": "azurerm_app_service_virtual_network_swift_connection",
      "name": "webapp2_vnet_integration",
      "provider": "provider[\"registry.terraform.io/hashicorp/azurerm\"]",
      "instances": [
        {
          "schema_version": 0,
          "attributes": {
            "app_service_id": "/subscriptions/6c9013c7-4e29-464a-ae66-9f9e7ea9c55d/resourceGroups/rg-acsy-dev/providers/Microsoft.Web/sites/apij-acsy-dev",
            "id": "/subscriptions/6c9013c7-4e29-464a-ae66-9f9e7ea9c55d/resourceGroups/rg-acsy-dev/providers/Microsoft.Web/sites/apij-acsy-dev/config/virtualNetwork",
            "subnet_id": "/subscriptions/6c9013c7-4e29-464a-ae66-9f9e7ea9c55d/resourceGroups/rg-acsy-dev/providers/Microsoft.Network/virtualNetworks/vnet-acsy-dev/subnets/subnet-web-acsy-dev",
            "timeouts": null
          },
          "sensitive_attributes": [],
          "private": "eyJlMmJmYjczMC1lY2FhLTExZTYtOGY4OC0zNDM2M2JjN2M0YzAiOnsiY3JlYXRlIjoxODAwMDAwMDAwMDAwLCJkZWxldGUiOjE4MDAwMDAwMDAwMDAsInJlYWQiOjMwMDAwMDAwMDAwMCwidXBkYXRlIjoxODAwMDAwMDAwMDAwfX0=",
          "dependencies": [
            "azurerm_app_service.webapp2",
            "azurerm_app_service_plan.app_service_plan",
            "azurerm_container_registry.acr",
            "azurerm_resource_group.rg",
            "azurerm_subnet.subnetweb",
            "azurerm_virtual_network.vnet"
          ]
        }
      ]
    },
    {
      "mode": "managed",
      "type": "azurerm_container_registry",
      "name": "acr",
      "provider": "provider[\"registry.terraform.io/hashicorp/azurerm\"]",
      "instances": [
        {
          "schema_version": 2,
          "attributes": {
            "admin_enabled": true,
            "admin_password": "SK5eDIm8Ql8xrBxjV5VyFRK1sllS5tsexT0rxSSFUv+ACRD17JHx",
            "admin_username": "acr2acsydev",
            "anonymous_pull_enabled": false,
            "data_endpoint_enabled": false,
            "encryption": [],
            "export_policy_enabled": true,
            "georeplications": [],
            "id": "/subscriptions/6c9013c7-4e29-464a-ae66-9f9e7ea9c55d/resourceGroups/rg-acsy-dev/providers/Microsoft.ContainerRegistry/registries/acr2acsydev",
            "identity": [],
            "location": "eastus2",
            "login_server": "acr2acsydev.azurecr.io",
            "name": "acr2acsydev",
            "network_rule_bypass_option": "AzureServices",
            "network_rule_set": [],
            "public_network_access_enabled": true,
            "quarantine_policy_enabled": false,
            "resource_group_name": "rg-acsy-dev",
            "retention_policy_in_days": 0,
            "sku": "Basic",
            "tags": {
              "created_by": "terraform",
              "environment": "dev",
              "project": "acsy"
            },
            "timeouts": null,
            "trust_policy_enabled": false,
            "zone_redundancy_enabled": false
          },
          "sensitive_attributes": [
            [
              {
                "type": "get_attr",
                "value": "admin_password"
              }
            ]
          ],
          "private": "eyJlMmJmYjczMC1lY2FhLTExZTYtOGY4OC0zNDM2M2JjN2M0YzAiOnsiY3JlYXRlIjoxODAwMDAwMDAwMDAwLCJkZWxldGUiOjE4MDAwMDAwMDAwMDAsInJlYWQiOjMwMDAwMDAwMDAwMCwidXBkYXRlIjoxODAwMDAwMDAwMDAwfSwic2NoZW1hX3ZlcnNpb24iOiIyIn0=",
          "dependencies": [
            "azurerm_resource_group.rg"
          ]
        }
      ]
    },
    {
      "mode": "managed",
      "type": "azurerm_function_app",
      "name": "function_app",
      "provider": "provider[\"registry.terraform.io/hashicorp/azurerm\"]",
      "instances": [
        {
          "schema_version": 0,
          "attributes": {
            "app_service_plan_id": "/subscriptions/6c9013c7-4e29-464a-ae66-9f9e7ea9c55d/resourceGroups/rg-acsy-dev/providers/Microsoft.Web/serverFarms/asp-acsy-dev",
            "app_settings": {
              "AzureWebJobsDashboard": "DefaultEndpointsProtocol=https;AccountName=storageacsydev0606;AccountKey=DefaultEndpointsProtocol=https;AccountName=storageacsydev0606;AccountKey=xw2KrWILyJqbpcyOmSI8hfNGjrj5+m0HFZ+Bh7YCSYZ5fSdBSxp6BpvUrrb0+12QD2UfP5Cxa4UG+AStyeAE1g==;EndpointSuffix=core.windows.net;EndpointSuffix=core.windows.net",
              "AzureWebJobsStorage": "DefaultEndpointsProtocol=https;AccountName=storageacsydev0606;AccountKey=DefaultEndpointsProtocol=https;AccountName=storageacsydev0606;AccountKey=xw2KrWILyJqbpcyOmSI8hfNGjrj5+m0HFZ+Bh7YCSYZ5fSdBSxp6BpvUrrb0+12QD2UfP5Cxa4UG+AStyeAE1g==;EndpointSuffix=core.windows.net;EndpointSuffix=core.windows.net",
              "DOCKER_REGISTRY_SERVER_PASSWORD": "SK5eDIm8Ql8xrBxjV5VyFRK1sllS5tsexT0rxSSFUv+ACRD17JHx",
              "DOCKER_REGISTRY_SERVER_URL": "https://acr2acsydev.azurecr.io",
              "DOCKER_REGISTRY_SERVER_USERNAME": "acr2acsydev",
              "QueueName": "vectordb-calibration-request",
              "QueueStorageConnectionString": "DefaultEndpointsProtocol=https;AccountName=storageacsydev0606;AccountKey=xw2KrWILyJqbpcyOmSI8hfNGjrj5+m0HFZ+Bh7YCSYZ5fSdBSxp6BpvUrrb0+12QD2UfP5Cxa4UG+AStyeAE1g==;EndpointSuffix=core.windows.net",
              "WEBSITE_VNET_ROUTE_ALL": "1"
            },
            "auth_settings": [
              {
                "active_directory": [],
                "additional_login_params": {},
                "allowed_external_redirect_urls": [],
                "default_provider": "",
                "enabled": false,
                "facebook": [],
                "google": [],
                "issuer": "",
                "microsoft": [],
                "runtime_version": "",
                "token_refresh_extension_hours": 0,
                "token_store_enabled": false,
                "twitter": [],
                "unauthenticated_client_action": ""
              }
            ],
            "client_cert_mode": "",
            "connection_string": [],
            "custom_domain_verification_id": "84C64DF568CDF352C6132010206730700329D381EF11ADD14CD8D7F84C8EF96A",
            "daily_memory_time_quota": 0,
            "default_hostname": "function-acsy-dev.azurewebsites.net",
            "enable_builtin_logging": true,
            "enabled": true,
            "https_only": false,
            "id": "/subscriptions/6c9013c7-4e29-464a-ae66-9f9e7ea9c55d/resourceGroups/rg-acsy-dev/providers/Microsoft.Web/sites/function-acsy-dev",
            "identity": [
              {
                "identity_ids": [],
                "principal_id": "cd4d2d5f-2857-48b4-bd9b-8ba370a6faab",
                "tenant_id": "33a93990-8bb4-4b9d-b422-4f8851217d7e",
                "type": "SystemAssigned"
              }
            ],
            "key_vault_reference_identity_id": "SystemAssigned",
            "kind": "functionapp,linux,container",
            "location": "eastus2",
            "name": "function-acsy-dev",
            "os_type": "linux",
            "outbound_ip_addresses": "20.14.246.232,20.14.246.235,20.14.246.237,20.14.246.240,20.14.246.249,20.14.246.250,172.175.47.20,20.14.246.144,20.14.246.155,20.14.246.161,20.14.246.164,20.14.246.166,20.119.136.20",
            "possible_outbound_ip_addresses": "20.14.246.232,20.14.246.235,20.14.246.237,20.14.246.240,20.14.246.249,20.14.246.250,172.175.47.20,20.14.246.144,20.14.246.155,20.14.246.161,20.14.246.164,20.14.246.166,20.14.246.75,20.14.246.178,20.14.246.180,20.14.246.182,20.14.246.189,20.14.246.192,20.14.246.203,20.14.246.207,20.14.246.208,20.14.246.210,20.14.246.217,20.14.246.220,20.14.246.232,20.14.246.235,20.14.246.237,20.14.246.240,20.14.246.249,20.14.246.250,20.14.246.253,20.14.247.4,20.14.247.7,20.14.246.62,20.14.247.8,20.14.247.11,20.119.136.20",
            "resource_group_name": "rg-acsy-dev",
            "site_config": [
              {
                "always_on": true,
                "app_scale_limit": 0,
                "auto_swap_slot_name": "",
                "cors": [
                  {
                    "allowed_origins": [],
                    "support_credentials": false
                  }
                ],
                "dotnet_framework_version": "v4.0",
                "elastic_instance_minimum": 0,
                "ftps_state": "FtpsOnly",
                "health_check_path": "",
                "http2_enabled": false,
                "ip_restriction": [
                  {
                    "action": "Deny",
                    "headers": [],
                    "ip_address": "0.0.0.0/0",
                    "name": "default-deny",
                    "priority": 200,
                    "service_tag": "",
                    "virtual_network_subnet_id": ""
                  }
                ],
                "java_version": "",
                "linux_fx_version": "DOCKER|mcr.microsoft.com/azure-functions/dotnet:4-appservice-quickstart",
                "min_tls_version": "1.2",
                "pre_warmed_instance_count": 0,
                "runtime_scale_monitoring_enabled": false,
                "scm_ip_restriction": [],
                "scm_type": "None",
                "scm_use_main_ip_restriction": false,
                "use_32_bit_worker_process": true,
                "vnet_route_all_enabled": true,
                "websockets_enabled": false
              }
            ],
            "site_credential": [
              {
                "password": "el6twwH9CZzwuq9Qkfc63ZBNuEqnBxm7dCQ7jHMu2FCJgmCj6cBXcdGK7sDN",
                "username": "$function-acsy-dev"
              }
            ],
            "source_control": [
              {
                "branch": "main",
                "manual_integration": false,
                "repo_url": "",
                "rollback_enabled": false,
                "use_mercurial": false
              }
            ],
            "storage_account_access_key": "xw2KrWILyJqbpcyOmSI8hfNGjrj5+m0HFZ+Bh7YCSYZ5fSdBSxp6BpvUrrb0+12QD2UfP5Cxa4UG+AStyeAE1g==",
            "storage_account_name": "storageacsydev0606",
            "tags": {
              "created_by": "terraform",
              "environment": "dev",
              "project": "acsy"
            },
            "timeouts": null,
            "version": "~3"
          },
          "sensitive_attributes": [
            [
              {
                "type": "get_attr",
                "value": "storage_account_access_key"
              }
            ],
            [
              {
                "type": "get_attr",
                "value": "app_settings"
              },
              {
                "type": "index",
                "value": {
                  "value": "AzureWebJobsDashboard",
                  "type": "string"
                }
              }
            ],
            [
              {
                "type": "get_attr",
                "value": "app_settings"
              },
              {
                "type": "index",
                "value": {
                  "value": "AzureWebJobsStorage",
                  "type": "string"
                }
              }
            ],
            [
              {
                "type": "get_attr",
                "value": "app_settings"
              },
              {
                "type": "index",
                "value": {
                  "value": "DOCKER_REGISTRY_SERVER_PASSWORD",
                  "type": "string"
                }
              }
            ],
            [
              {
                "type": "get_attr",
                "value": "app_settings"
              },
              {
                "type": "index",
                "value": {
                  "value": "QueueStorageConnectionString",
                  "type": "string"
                }
              }
            ]
          ],
          "private": "eyJlMmJmYjczMC1lY2FhLTExZTYtOGY4OC0zNDM2M2JjN2M0YzAiOnsiY3JlYXRlIjoxODAwMDAwMDAwMDAwLCJkZWxldGUiOjE4MDAwMDAwMDAwMDAsInJlYWQiOjMwMDAwMDAwMDAwMCwidXBkYXRlIjoxODAwMDAwMDAwMDAwfX0=",
          "dependencies": [
            "azurerm_app_service_plan.app_service_plan",
            "azurerm_container_registry.acr",
            "azurerm_resource_group.rg",
            "azurerm_storage_account.storage_account",
            "azurerm_storage_queue.storage_queue",
            "azurerm_subnet.subnetfunction",
            "azurerm_virtual_network.vnet"
          ]
        }
      ]
    },
    {
      "mode": "managed",
      "type": "azurerm_mssql_database",
      "name": "sql_db",
      "provider": "provider[\"registry.terraform.io/hashicorp/azurerm\"]",
      "instances": [
        {
          "schema_version": 1,
          "attributes": {
            "auto_pause_delay_in_minutes": 0,
            "collation": "SQL_Latin1_General_CP1_CI_AS",
            "create_mode": "Default",
            "creation_source_database_id": null,
            "elastic_pool_id": "",
            "enclave_type": "",
            "geo_backup_enabled": true,
            "id": "/subscriptions/6c9013c7-4e29-464a-ae66-9f9e7ea9c55d/resourceGroups/rg-acsy-dev/providers/Microsoft.Sql/servers/sqlserver-acsy-dev-db/databases/acsy.db",
            "identity": [],
            "import": [],
            "ledger_enabled": false,
            "license_type": "",
            "long_term_retention_policy": [
              {
                "monthly_retention": "PT0S",
                "week_of_year": 1,
                "weekly_retention": "PT0S",
                "yearly_retention": "PT0S"
              }
            ],
            "maintenance_configuration_name": "SQL_Default",
            "max_size_gb": 250,
            "min_capacity": 0,
            "name": "acsy.db",
            "read_replica_count": 0,
            "read_scale": false,
            "recover_database_id": null,
            "recovery_point_id": null,
            "restore_dropped_database_id": null,
            "restore_long_term_retention_backup_id": null,
            "restore_point_in_time": null,
            "sample_name": null,
            "secondary_type": "",
            "server_id": "/subscriptions/6c9013c7-4e29-464a-ae66-9f9e7ea9c55d/resourceGroups/rg-acsy-dev/providers/Microsoft.Sql/servers/sqlserver-acsy-dev-db",
            "short_term_retention_policy": [
              {
                "backup_interval_in_hours": 24,
                "retention_days": 7
              }
            ],
            "sku_name": "S0",
            "storage_account_type": "Geo",
            "tags": {
              "created_by": "terraform",
              "environment": "dev",
              "project": "acsy"
            },
            "threat_detection_policy": [
              {
                "disabled_alerts": [],
                "email_account_admins": "Disabled",
                "email_addresses": [],
                "retention_days": 0,
                "state": "Disabled",
                "storage_account_access_key": "",
                "storage_endpoint": ""
              }
            ],
            "timeouts": null,
            "transparent_data_encryption_enabled": true,
            "transparent_data_encryption_key_automatic_rotation_enabled": false,
            "transparent_data_encryption_key_vault_key_id": "",
            "zone_redundant": false
          },
          "sensitive_attributes": [
            [
              {
                "type": "get_attr",
                "value": "threat_detection_policy"
              },
              {
                "type": "index",
                "value": {
                  "value": 0,
                  "type": "number"
                }
              },
              {
                "type": "get_attr",
                "value": "storage_account_access_key"
              }
            ]
          ],
          "private": "eyJlMmJmYjczMC1lY2FhLTExZTYtOGY4OC0zNDM2M2JjN2M0YzAiOnsiY3JlYXRlIjozNjAwMDAwMDAwMDAwLCJkZWxldGUiOjM2MDAwMDAwMDAwMDAsInJlYWQiOjMwMDAwMDAwMDAwMCwidXBkYXRlIjozNjAwMDAwMDAwMDAwfSwic2NoZW1hX3ZlcnNpb24iOiIxIn0=",
          "dependencies": [
            "azurerm_mssql_server.sql_server",
            "azurerm_resource_group.rg"
          ]
        }
      ]
    },
    {
      "mode": "managed",
      "type": "azurerm_mssql_firewall_rule",
      "name": "allow_my_ip",
      "provider": "provider[\"registry.terraform.io/hashicorp/azurerm\"]",
      "instances": [
        {
          "schema_version": 0,
          "attributes": {
            "end_ip_address": "201.190.16.157",
            "id": "/subscriptions/6c9013c7-4e29-464a-ae66-9f9e7ea9c55d/resourceGroups/rg-acsy-dev/providers/Microsoft.Sql/servers/sqlserver-acsy-dev-db/firewallRules/allow_my_ip",
            "name": "allow_my_ip",
            "server_id": "/subscriptions/6c9013c7-4e29-464a-ae66-9f9e7ea9c55d/resourceGroups/rg-acsy-dev/providers/Microsoft.Sql/servers/sqlserver-acsy-dev-db",
            "start_ip_address": "201.190.16.157",
            "timeouts": null
          },
          "sensitive_attributes": [],
          "private": "eyJlMmJmYjczMC1lY2FhLTExZTYtOGY4OC0zNDM2M2JjN2M0YzAiOnsiY3JlYXRlIjoxODAwMDAwMDAwMDAwLCJkZWxldGUiOjE4MDAwMDAwMDAwMDAsInJlYWQiOjMwMDAwMDAwMDAwMCwidXBkYXRlIjoxODAwMDAwMDAwMDAwfX0=",
          "dependencies": [
            "azurerm_mssql_server.sql_server",
            "azurerm_resource_group.rg"
          ]
        }
      ]
    },
    {
      "mode": "managed",
      "type": "azurerm_mssql_server",
      "name": "sql_server",
      "provider": "provider[\"registry.terraform.io/hashicorp/azurerm\"]",
      "instances": [
        {
          "schema_version": 0,
          "attributes": {
            "administrator_login": "sqladmin",
            "administrator_login_password": "@zure@dmin23",
            "azuread_administrator": [],
            "connection_policy": "Default",
            "fully_qualified_domain_name": "sqlserver-acsy-dev-db.database.windows.net",
            "id": "/subscriptions/6c9013c7-4e29-464a-ae66-9f9e7ea9c55d/resourceGroups/rg-acsy-dev/providers/Microsoft.Sql/servers/sqlserver-acsy-dev-db",
            "identity": [],
            "location": "eastus2",
            "minimum_tls_version": "1.2",
            "name": "sqlserver-acsy-dev-db",
            "outbound_network_restriction_enabled": false,
            "primary_user_assigned_identity_id": "",
            "public_network_access_enabled": true,
            "resource_group_name": "rg-acsy-dev",
            "restorable_dropped_database_ids": [],
            "tags": {
              "created_by": "terraform",
              "environment": "dev",
              "project": "acsy"
            },
            "timeouts": null,
            "transparent_data_encryption_key_vault_key_id": "",
            "version": "12.0"
          },
          "sensitive_attributes": [
            [
              {
                "type": "get_attr",
                "value": "administrator_login_password"
              }
            ]
          ],
          "private": "eyJlMmJmYjczMC1lY2FhLTExZTYtOGY4OC0zNDM2M2JjN2M0YzAiOnsiY3JlYXRlIjozNjAwMDAwMDAwMDAwLCJkZWxldGUiOjM2MDAwMDAwMDAwMDAsInJlYWQiOjMwMDAwMDAwMDAwMCwidXBkYXRlIjozNjAwMDAwMDAwMDAwfX0=",
          "dependencies": [
            "azurerm_resource_group.rg"
          ]
        }
      ]
    },
    {
      "mode": "managed",
      "type": "azurerm_private_dns_a_record",
      "name": "function_private_dns_a_record",
      "provider": "provider[\"registry.terraform.io/hashicorp/azurerm\"]",
      "instances": [
        {
          "schema_version": 0,
          "attributes": {
            "fqdn": "function-record-acsy-dev.private.function-acsy-dev.azurewebsites.net.",
            "id": "/subscriptions/6c9013c7-4e29-464a-ae66-9f9e7ea9c55d/resourceGroups/rg-acsy-dev/providers/Microsoft.Network/privateDnsZones/private.function-acsy-dev.azurewebsites.net/A/function-record-acsy-dev",
            "name": "function-record-acsy-dev",
            "records": [
              "10.0.4.4"
            ],
            "resource_group_name": "rg-acsy-dev",
            "tags": {},
            "timeouts": null,
            "ttl": 300,
            "zone_name": "private.function-acsy-dev.azurewebsites.net"
          },
          "sensitive_attributes": [],
          "private": "eyJlMmJmYjczMC1lY2FhLTExZTYtOGY4OC0zNDM2M2JjN2M0YzAiOnsiY3JlYXRlIjoxODAwMDAwMDAwMDAwLCJkZWxldGUiOjE4MDAwMDAwMDAwMDAsInJlYWQiOjMwMDAwMDAwMDAwMCwidXBkYXRlIjoxODAwMDAwMDAwMDAwfX0=",
          "dependencies": [
            "azurerm_app_service_plan.app_service_plan",
            "azurerm_container_registry.acr",
            "azurerm_function_app.function_app",
            "azurerm_private_dns_zone.function_private_dns_zone",
            "azurerm_private_endpoint.function_private_endpoint",
            "azurerm_resource_group.rg",
            "azurerm_storage_account.storage_account",
            "azurerm_storage_queue.storage_queue",
            "azurerm_subnet.subnetfunction",
            "azurerm_virtual_network.vnet"
          ]
        }
      ]
    },
    {
      "mode": "managed",
      "type": "azurerm_private_dns_a_record",
      "name": "private_dns_a_record",
      "provider": "provider[\"registry.terraform.io/hashicorp/azurerm\"]",
      "instances": [
        {
          "schema_version": 0,
          "attributes": {
            "fqdn": "sqlserver-record-acsy-dev.private.dbserver.database.windows.net.",
            "id": "/subscriptions/6c9013c7-4e29-464a-ae66-9f9e7ea9c55d/resourceGroups/rg-acsy-dev/providers/Microsoft.Network/privateDnsZones/private.dbserver.database.windows.net/A/sqlserver-record-acsy-dev",
            "name": "sqlserver-record-acsy-dev",
            "records": [
              "10.0.1.4"
            ],
            "resource_group_name": "rg-acsy-dev",
            "tags": {},
            "timeouts": null,
            "ttl": 300,
            "zone_name": "private.dbserver.database.windows.net"
          },
          "sensitive_attributes": [],
          "private": "eyJlMmJmYjczMC1lY2FhLTExZTYtOGY4OC0zNDM2M2JjN2M0YzAiOnsiY3JlYXRlIjoxODAwMDAwMDAwMDAwLCJkZWxldGUiOjE4MDAwMDAwMDAwMDAsInJlYWQiOjMwMDAwMDAwMDAwMCwidXBkYXRlIjoxODAwMDAwMDAwMDAwfX0=",
          "dependencies": [
            "azurerm_mssql_server.sql_server",
            "azurerm_private_dns_zone.private_dns_zone",
            "azurerm_private_endpoint.sql_private_endpoint",
            "azurerm_resource_group.rg",
            "azurerm_subnet.subnetdb",
            "azurerm_virtual_network.vnet"
          ]
        }
      ]
    },
    {
      "mode": "managed",
      "type": "azurerm_private_dns_a_record",
      "name": "sa_private_dns_a_record",
      "provider": "provider[\"registry.terraform.io/hashicorp/azurerm\"]",
      "instances": [
        {
          "schema_version": 0,
          "attributes": {
            "fqdn": "storage-record-acsy-dev.private.dbserver.database.windows.net.",
            "id": "/subscriptions/6c9013c7-4e29-464a-ae66-9f9e7ea9c55d/resourceGroups/rg-acsy-dev/providers/Microsoft.Network/privateDnsZones/private.dbserver.database.windows.net/A/storage-record-acsy-dev",
            "name": "storage-record-acsy-dev",
            "records": [
              "10.0.2.4",
              "10.0.2.5"
            ],
            "resource_group_name": "rg-acsy-dev",
            "tags": {},
            "timeouts": null,
            "ttl": 300,
            "zone_name": "private.dbserver.database.windows.net"
          },
          "sensitive_attributes": [],
          "private": "eyJlMmJmYjczMC1lY2FhLTExZTYtOGY4OC0zNDM2M2JjN2M0YzAiOnsiY3JlYXRlIjoxODAwMDAwMDAwMDAwLCJkZWxldGUiOjE4MDAwMDAwMDAwMDAsInJlYWQiOjMwMDAwMDAwMDAwMCwidXBkYXRlIjoxODAwMDAwMDAwMDAwfX0=",
          "dependencies": [
            "azurerm_private_dns_zone.private_dns_zone",
            "azurerm_private_endpoint.blob_private_endpoint",
            "azurerm_private_endpoint.queue_private_endpoint",
            "azurerm_resource_group.rg",
            "azurerm_storage_account.storage_account",
            "azurerm_subnet.subnetapp",
            "azurerm_virtual_network.vnet"
          ]
        }
      ]
    },
    {
      "mode": "managed",
      "type": "azurerm_private_dns_zone",
      "name": "function_private_dns_zone",
      "provider": "provider[\"registry.terraform.io/hashicorp/azurerm\"]",
      "instances": [
        {
          "schema_version": 0,
          "attributes": {
            "id": "/subscriptions/6c9013c7-4e29-464a-ae66-9f9e7ea9c55d/resourceGroups/rg-acsy-dev/providers/Microsoft.Network/privateDnsZones/private.function-acsy-dev.azurewebsites.net",
            "max_number_of_record_sets": 25000,
            "max_number_of_virtual_network_links": 1000,
            "max_number_of_virtual_network_links_with_registration": 100,
            "name": "private.function-acsy-dev.azurewebsites.net",
            "number_of_record_sets": 2,
            "resource_group_name": "rg-acsy-dev",
            "soa_record": [
              {
                "email": "azureprivatedns-host.microsoft.com",
                "expire_time": 2419200,
                "fqdn": "private.function-acsy-dev.azurewebsites.net.",
                "host_name": "azureprivatedns.net",
                "minimum_ttl": 10,
                "refresh_time": 3600,
                "retry_time": 300,
                "serial_number": 1,
                "tags": {},
                "ttl": 3600
              }
            ],
            "tags": {
              "created_by": "terraform",
              "environment": "dev",
              "project": "acsy"
            },
            "timeouts": null
          },
          "sensitive_attributes": [],
          "private": "eyJlMmJmYjczMC1lY2FhLTExZTYtOGY4OC0zNDM2M2JjN2M0YzAiOnsiY3JlYXRlIjoxODAwMDAwMDAwMDAwLCJkZWxldGUiOjE4MDAwMDAwMDAwMDAsInJlYWQiOjMwMDAwMDAwMDAwMCwidXBkYXRlIjoxODAwMDAwMDAwMDAwfX0=",
          "dependencies": [
            "azurerm_resource_group.rg"
          ]
        }
      ]
    },
    {
      "mode": "managed",
      "type": "azurerm_private_dns_zone",
      "name": "private_dns_zone",
      "provider": "provider[\"registry.terraform.io/hashicorp/azurerm\"]",
      "instances": [
        {
          "schema_version": 0,
          "attributes": {
            "id": "/subscriptions/6c9013c7-4e29-464a-ae66-9f9e7ea9c55d/resourceGroups/rg-acsy-dev/providers/Microsoft.Network/privateDnsZones/private.dbserver.database.windows.net",
            "max_number_of_record_sets": 25000,
            "max_number_of_virtual_network_links": 1000,
            "max_number_of_virtual_network_links_with_registration": 100,
            "name": "private.dbserver.database.windows.net",
            "number_of_record_sets": 3,
            "resource_group_name": "rg-acsy-dev",
            "soa_record": [
              {
                "email": "azureprivatedns-host.microsoft.com",
                "expire_time": 2419200,
                "fqdn": "private.dbserver.database.windows.net.",
                "host_name": "azureprivatedns.net",
                "minimum_ttl": 10,
                "refresh_time": 3600,
                "retry_time": 300,
                "serial_number": 1,
                "tags": {},
                "ttl": 3600
              }
            ],
            "tags": {
              "created_by": "terraform",
              "environment": "dev",
              "project": "acsy"
            },
            "timeouts": null
          },
          "sensitive_attributes": [],
          "private": "eyJlMmJmYjczMC1lY2FhLTExZTYtOGY4OC0zNDM2M2JjN2M0YzAiOnsiY3JlYXRlIjoxODAwMDAwMDAwMDAwLCJkZWxldGUiOjE4MDAwMDAwMDAwMDAsInJlYWQiOjMwMDAwMDAwMDAwMCwidXBkYXRlIjoxODAwMDAwMDAwMDAwfX0=",
          "dependencies": [
            "azurerm_resource_group.rg"
          ]
        }
      ]
    },
    {
      "mode": "managed",
      "type": "azurerm_private_dns_zone",
      "name": "sa_private_dns_zone",
      "provider": "provider[\"registry.terraform.io/hashicorp/azurerm\"]",
      "instances": [
        {
          "schema_version": 0,
          "attributes": {
            "id": "/subscriptions/6c9013c7-4e29-464a-ae66-9f9e7ea9c55d/resourceGroups/rg-acsy-dev/providers/Microsoft.Network/privateDnsZones/privatelink.storage.core.windows.net",
            "max_number_of_record_sets": 25000,
            "max_number_of_virtual_network_links": 1000,
            "max_number_of_virtual_network_links_with_registration": 100,
            "name": "privatelink.storage.core.windows.net",
            "number_of_record_sets": 1,
            "resource_group_name": "rg-acsy-dev",
            "soa_record": [
              {
                "email": "azureprivatedns-host.microsoft.com",
                "expire_time": 2419200,
                "fqdn": "privatelink.storage.core.windows.net.",
                "host_name": "azureprivatedns.net",
                "minimum_ttl": 10,
                "refresh_time": 3600,
                "retry_time": 300,
                "serial_number": 1,
                "tags": {},
                "ttl": 3600
              }
            ],
            "tags": {
              "created_by": "terraform",
              "environment": "dev",
              "project": "acsy"
            },
            "timeouts": null
          },
          "sensitive_attributes": [],
          "private": "eyJlMmJmYjczMC1lY2FhLTExZTYtOGY4OC0zNDM2M2JjN2M0YzAiOnsiY3JlYXRlIjoxODAwMDAwMDAwMDAwLCJkZWxldGUiOjE4MDAwMDAwMDAwMDAsInJlYWQiOjMwMDAwMDAwMDAwMCwidXBkYXRlIjoxODAwMDAwMDAwMDAwfX0=",
          "dependencies": [
            "azurerm_resource_group.rg"
          ]
        }
      ]
    },
    {
      "mode": "managed",
      "type": "azurerm_private_dns_zone_virtual_network_link",
      "name": "function_vnet_link",
      "provider": "provider[\"registry.terraform.io/hashicorp/azurerm\"]",
      "instances": [
        {
          "schema_version": 0,
          "attributes": {
            "id": "/subscriptions/6c9013c7-4e29-464a-ae66-9f9e7ea9c55d/resourceGroups/rg-acsy-dev/providers/Microsoft.Network/privateDnsZones/private.function-acsy-dev.azurewebsites.net/virtualNetworkLinks/functionlink-acsy-dev",
            "name": "functionlink-acsy-dev",
            "private_dns_zone_name": "private.function-acsy-dev.azurewebsites.net",
            "registration_enabled": false,
            "resource_group_name": "rg-acsy-dev",
            "tags": {},
            "timeouts": null,
            "virtual_network_id": "/subscriptions/6c9013c7-4e29-464a-ae66-9f9e7ea9c55d/resourceGroups/rg-acsy-dev/providers/Microsoft.Network/virtualNetworks/vnet-acsy-dev"
          },
          "sensitive_attributes": [],
          "private": "eyJlMmJmYjczMC1lY2FhLTExZTYtOGY4OC0zNDM2M2JjN2M0YzAiOnsiY3JlYXRlIjoxODAwMDAwMDAwMDAwLCJkZWxldGUiOjE4MDAwMDAwMDAwMDAsInJlYWQiOjMwMDAwMDAwMDAwMCwidXBkYXRlIjoxODAwMDAwMDAwMDAwfX0=",
          "dependencies": [
            "azurerm_private_dns_zone.function_private_dns_zone",
            "azurerm_resource_group.rg",
            "azurerm_virtual_network.vnet"
          ]
        }
      ]
    },
    {
      "mode": "managed",
      "type": "azurerm_private_dns_zone_virtual_network_link",
      "name": "sa_vnet_link",
      "provider": "provider[\"registry.terraform.io/hashicorp/azurerm\"]",
      "instances": [
        {
          "schema_version": 0,
          "attributes": {
            "id": "/subscriptions/6c9013c7-4e29-464a-ae66-9f9e7ea9c55d/resourceGroups/rg-acsy-dev/providers/Microsoft.Network/privateDnsZones/privatelink.storage.core.windows.net/virtualNetworkLinks/sa_vnetlink-acsy-dev",
            "name": "sa_vnetlink-acsy-dev",
            "private_dns_zone_name": "privatelink.storage.core.windows.net",
            "registration_enabled": false,
            "resource_group_name": "rg-acsy-dev",
            "tags": {},
            "timeouts": null,
            "virtual_network_id": "/subscriptions/6c9013c7-4e29-464a-ae66-9f9e7ea9c55d/resourceGroups/rg-acsy-dev/providers/Microsoft.Network/virtualNetworks/vnet-acsy-dev"
          },
          "sensitive_attributes": [],
          "private": "eyJlMmJmYjczMC1lY2FhLTExZTYtOGY4OC0zNDM2M2JjN2M0YzAiOnsiY3JlYXRlIjoxODAwMDAwMDAwMDAwLCJkZWxldGUiOjE4MDAwMDAwMDAwMDAsInJlYWQiOjMwMDAwMDAwMDAwMCwidXBkYXRlIjoxODAwMDAwMDAwMDAwfX0=",
          "dependencies": [
            "azurerm_private_dns_zone.sa_private_dns_zone",
            "azurerm_resource_group.rg",
            "azurerm_virtual_network.vnet"
          ]
        }
      ]
    },
    {
      "mode": "managed",
      "type": "azurerm_private_dns_zone_virtual_network_link",
      "name": "vnet_link",
      "provider": "provider[\"registry.terraform.io/hashicorp/azurerm\"]",
      "instances": [
        {
          "schema_version": 0,
          "attributes": {
            "id": "/subscriptions/6c9013c7-4e29-464a-ae66-9f9e7ea9c55d/resourceGroups/rg-acsy-dev/providers/Microsoft.Network/privateDnsZones/private.dbserver.database.windows.net/virtualNetworkLinks/vnetlink-acsy-dev",
            "name": "vnetlink-acsy-dev",
            "private_dns_zone_name": "private.dbserver.database.windows.net",
            "registration_enabled": false,
            "resource_group_name": "rg-acsy-dev",
            "tags": {},
            "timeouts": null,
            "virtual_network_id": "/subscriptions/6c9013c7-4e29-464a-ae66-9f9e7ea9c55d/resourceGroups/rg-acsy-dev/providers/Microsoft.Network/virtualNetworks/vnet-acsy-dev"
          },
          "sensitive_attributes": [],
          "private": "eyJlMmJmYjczMC1lY2FhLTExZTYtOGY4OC0zNDM2M2JjN2M0YzAiOnsiY3JlYXRlIjoxODAwMDAwMDAwMDAwLCJkZWxldGUiOjE4MDAwMDAwMDAwMDAsInJlYWQiOjMwMDAwMDAwMDAwMCwidXBkYXRlIjoxODAwMDAwMDAwMDAwfX0=",
          "dependencies": [
            "azurerm_private_dns_zone.private_dns_zone",
            "azurerm_resource_group.rg",
            "azurerm_virtual_network.vnet"
          ]
        }
      ]
    },
    {
      "mode": "managed",
      "type": "azurerm_private_endpoint",
      "name": "blob_private_endpoint",
      "provider": "provider[\"registry.terraform.io/hashicorp/azurerm\"]",
      "instances": [
        {
          "schema_version": 0,
          "attributes": {
            "custom_dns_configs": [
              {
                "fqdn": "storageacsydev0606.blob.core.windows.net",
                "ip_addresses": [
                  "10.0.2.4"
                ]
              }
            ],
            "custom_network_interface_name": "",
            "id": "/subscriptions/6c9013c7-4e29-464a-ae66-9f9e7ea9c55d/resourceGroups/rg-acsy-dev/providers/Microsoft.Network/privateEndpoints/blob-private-endpont-acsy-dev",
            "ip_configuration": [],
            "location": "eastus2",
            "name": "blob-private-endpont-acsy-dev",
            "network_interface": [
              {
                "id": "/subscriptions/6c9013c7-4e29-464a-ae66-9f9e7ea9c55d/resourceGroups/rg-acsy-dev/providers/Microsoft.Network/networkInterfaces/blob-private-endpont-acsy-dev.nic.90976ac7-f12b-40ad-8140-6d77659a94b3",
                "name": "blob-private-endpont-acsy-dev.nic.90976ac7-f12b-40ad-8140-6d77659a94b3"
              }
            ],
            "private_dns_zone_configs": [],
            "private_dns_zone_group": [],
            "private_service_connection": [
              {
                "is_manual_connection": false,
                "name": "storage-private-acsy-dev",
                "private_connection_resource_alias": "",
                "private_connection_resource_id": "/subscriptions/6c9013c7-4e29-464a-ae66-9f9e7ea9c55d/resourceGroups/rg-acsy-dev/providers/Microsoft.Storage/storageAccounts/storageacsydev0606",
                "private_ip_address": "10.0.2.4",
                "request_message": "",
                "subresource_names": [
                  "blob"
                ]
              }
            ],
            "resource_group_name": "rg-acsy-dev",
            "subnet_id": "/subscriptions/6c9013c7-4e29-464a-ae66-9f9e7ea9c55d/resourceGroups/rg-acsy-dev/providers/Microsoft.Network/virtualNetworks/vnet-acsy-dev/subnets/subnet-app-acsy-dev",
            "tags": {
              "created_by": "terraform",
              "environment": "dev",
              "project": "acsy"
            },
            "timeouts": null
          },
          "sensitive_attributes": [],
          "private": "eyJlMmJmYjczMC1lY2FhLTExZTYtOGY4OC0zNDM2M2JjN2M0YzAiOnsiY3JlYXRlIjozNjAwMDAwMDAwMDAwLCJkZWxldGUiOjM2MDAwMDAwMDAwMDAsInJlYWQiOjMwMDAwMDAwMDAwMCwidXBkYXRlIjozNjAwMDAwMDAwMDAwfX0=",
          "dependencies": [
            "azurerm_resource_group.rg",
            "azurerm_storage_account.storage_account",
            "azurerm_subnet.subnetapp",
            "azurerm_virtual_network.vnet"
          ]
        }
      ]
    },
    {
      "mode": "managed",
      "type": "azurerm_private_endpoint",
      "name": "function_private_endpoint",
      "provider": "provider[\"registry.terraform.io/hashicorp/azurerm\"]",
      "instances": [
        {
          "schema_version": 0,
          "attributes": {
            "custom_dns_configs": [
              {
                "fqdn": "function-acsy-dev.azurewebsites.net",
                "ip_addresses": [
                  "10.0.4.4"
                ]
              },
              {
                "fqdn": "function-acsy-dev.scm.azurewebsites.net",
                "ip_addresses": [
                  "10.0.4.4"
                ]
              }
            ],
            "custom_network_interface_name": "",
            "id": "/subscriptions/6c9013c7-4e29-464a-ae66-9f9e7ea9c55d/resourceGroups/rg-acsy-dev/providers/Microsoft.Network/privateEndpoints/function-private-endpoint-acsy-dev",
            "ip_configuration": [],
            "location": "eastus2",
            "name": "function-private-endpoint-acsy-dev",
            "network_interface": [
              {
                "id": "/subscriptions/6c9013c7-4e29-464a-ae66-9f9e7ea9c55d/resourceGroups/rg-acsy-dev/providers/Microsoft.Network/networkInterfaces/function-private-endpoint-acsy-dev.nic.462e8a24-f598-4d1f-b2d4-0fe0997a195d",
                "name": "function-private-endpoint-acsy-dev.nic.462e8a24-f598-4d1f-b2d4-0fe0997a195d"
              }
            ],
            "private_dns_zone_configs": [],
            "private_dns_zone_group": [],
            "private_service_connection": [
              {
                "is_manual_connection": false,
                "name": "function-private-ec-acsy-dev",
                "private_connection_resource_alias": "",
                "private_connection_resource_id": "/subscriptions/6c9013c7-4e29-464a-ae66-9f9e7ea9c55d/resourceGroups/rg-acsy-dev/providers/Microsoft.Web/sites/function-acsy-dev",
                "private_ip_address": "10.0.4.4",
                "request_message": "",
                "subresource_names": [
                  "sites"
                ]
              }
            ],
            "resource_group_name": "rg-acsy-dev",
            "subnet_id": "/subscriptions/6c9013c7-4e29-464a-ae66-9f9e7ea9c55d/resourceGroups/rg-acsy-dev/providers/Microsoft.Network/virtualNetworks/vnet-acsy-dev/subnets/subnet-function-acsy-dev",
            "tags": {
              "created_by": "terraform",
              "environment": "dev",
              "project": "acsy"
            },
            "timeouts": null
          },
          "sensitive_attributes": [],
          "private": "eyJlMmJmYjczMC1lY2FhLTExZTYtOGY4OC0zNDM2M2JjN2M0YzAiOnsiY3JlYXRlIjozNjAwMDAwMDAwMDAwLCJkZWxldGUiOjM2MDAwMDAwMDAwMDAsInJlYWQiOjMwMDAwMDAwMDAwMCwidXBkYXRlIjozNjAwMDAwMDAwMDAwfX0=",
          "dependencies": [
            "azurerm_app_service_plan.app_service_plan",
            "azurerm_container_registry.acr",
            "azurerm_function_app.function_app",
            "azurerm_resource_group.rg",
            "azurerm_storage_account.storage_account",
            "azurerm_storage_queue.storage_queue",
            "azurerm_subnet.subnetfunction",
            "azurerm_virtual_network.vnet"
          ]
        }
      ]
    },
    {
      "mode": "managed",
      "type": "azurerm_private_endpoint",
      "name": "queue_private_endpoint",
      "provider": "provider[\"registry.terraform.io/hashicorp/azurerm\"]",
      "instances": [
        {
          "schema_version": 0,
          "attributes": {
            "custom_dns_configs": [
              {
                "fqdn": "storageacsydev0606.queue.core.windows.net",
                "ip_addresses": [
                  "10.0.2.5"
                ]
              }
            ],
            "custom_network_interface_name": "",
            "id": "/subscriptions/6c9013c7-4e29-464a-ae66-9f9e7ea9c55d/resourceGroups/rg-acsy-dev/providers/Microsoft.Network/privateEndpoints/queue-private-endpont-acsy-dev",
            "ip_configuration": [],
            "location": "eastus2",
            "name": "queue-private-endpont-acsy-dev",
            "network_interface": [
              {
                "id": "/subscriptions/6c9013c7-4e29-464a-ae66-9f9e7ea9c55d/resourceGroups/rg-acsy-dev/providers/Microsoft.Network/networkInterfaces/queue-private-endpont-acsy-dev.nic.e5fb3c15-8ab2-418a-8d5a-196d5f84d28e",
                "name": "queue-private-endpont-acsy-dev.nic.e5fb3c15-8ab2-418a-8d5a-196d5f84d28e"
              }
            ],
            "private_dns_zone_configs": [],
            "private_dns_zone_group": [],
            "private_service_connection": [
              {
                "is_manual_connection": false,
                "name": "storage-private-acsy-dev",
                "private_connection_resource_alias": "",
                "private_connection_resource_id": "/subscriptions/6c9013c7-4e29-464a-ae66-9f9e7ea9c55d/resourceGroups/rg-acsy-dev/providers/Microsoft.Storage/storageAccounts/storageacsydev0606",
                "private_ip_address": "10.0.2.5",
                "request_message": "",
                "subresource_names": [
                  "queue"
                ]
              }
            ],
            "resource_group_name": "rg-acsy-dev",
            "subnet_id": "/subscriptions/6c9013c7-4e29-464a-ae66-9f9e7ea9c55d/resourceGroups/rg-acsy-dev/providers/Microsoft.Network/virtualNetworks/vnet-acsy-dev/subnets/subnet-app-acsy-dev",
            "tags": {
              "created_by": "terraform",
              "environment": "dev",
              "project": "acsy"
            },
            "timeouts": null
          },
          "sensitive_attributes": [],
          "private": "eyJlMmJmYjczMC1lY2FhLTExZTYtOGY4OC0zNDM2M2JjN2M0YzAiOnsiY3JlYXRlIjozNjAwMDAwMDAwMDAwLCJkZWxldGUiOjM2MDAwMDAwMDAwMDAsInJlYWQiOjMwMDAwMDAwMDAwMCwidXBkYXRlIjozNjAwMDAwMDAwMDAwfX0=",
          "dependencies": [
            "azurerm_resource_group.rg",
            "azurerm_storage_account.storage_account",
            "azurerm_subnet.subnetapp",
            "azurerm_virtual_network.vnet"
          ]
        }
      ]
    },
    {
      "mode": "managed",
      "type": "azurerm_private_endpoint",
      "name": "sql_private_endpoint",
      "provider": "provider[\"registry.terraform.io/hashicorp/azurerm\"]",
      "instances": [
        {
          "schema_version": 0,
          "attributes": {
            "custom_dns_configs": [
              {
                "fqdn": "sqlserver-acsy-dev-db.database.windows.net",
                "ip_addresses": [
                  "10.0.1.4"
                ]
              }
            ],
            "custom_network_interface_name": "",
            "id": "/subscriptions/6c9013c7-4e29-464a-ae66-9f9e7ea9c55d/resourceGroups/rg-acsy-dev/providers/Microsoft.Network/privateEndpoints/sql-private-endpont-acsy-dev",
            "ip_configuration": [],
            "location": "eastus2",
            "name": "sql-private-endpont-acsy-dev",
            "network_interface": [
              {
                "id": "/subscriptions/6c9013c7-4e29-464a-ae66-9f9e7ea9c55d/resourceGroups/rg-acsy-dev/providers/Microsoft.Network/networkInterfaces/sql-private-endpont-acsy-dev.nic.2712a128-a1db-4f7a-ad04-7b2e4eb2458d",
                "name": "sql-private-endpont-acsy-dev.nic.2712a128-a1db-4f7a-ad04-7b2e4eb2458d"
              }
            ],
            "private_dns_zone_configs": [],
            "private_dns_zone_group": [],
            "private_service_connection": [
              {
                "is_manual_connection": false,
                "name": "sql-private-ec-acsy-dev",
                "private_connection_resource_alias": "",
                "private_connection_resource_id": "/subscriptions/6c9013c7-4e29-464a-ae66-9f9e7ea9c55d/resourceGroups/rg-acsy-dev/providers/Microsoft.Sql/servers/sqlserver-acsy-dev-db",
                "private_ip_address": "10.0.1.4",
                "request_message": "",
                "subresource_names": [
                  "sqlserver"
                ]
              }
            ],
            "resource_group_name": "rg-acsy-dev",
            "subnet_id": "/subscriptions/6c9013c7-4e29-464a-ae66-9f9e7ea9c55d/resourceGroups/rg-acsy-dev/providers/Microsoft.Network/virtualNetworks/vnet-acsy-dev/subnets/subnet-db-acsy-dev",
            "tags": {
              "created_by": "terraform",
              "environment": "dev",
              "project": "acsy"
            },
            "timeouts": null
          },
          "sensitive_attributes": [],
          "private": "eyJlMmJmYjczMC1lY2FhLTExZTYtOGY4OC0zNDM2M2JjN2M0YzAiOnsiY3JlYXRlIjozNjAwMDAwMDAwMDAwLCJkZWxldGUiOjM2MDAwMDAwMDAwMDAsInJlYWQiOjMwMDAwMDAwMDAwMCwidXBkYXRlIjozNjAwMDAwMDAwMDAwfX0=",
          "dependencies": [
            "azurerm_mssql_server.sql_server",
            "azurerm_resource_group.rg",
            "azurerm_subnet.subnetdb",
            "azurerm_virtual_network.vnet"
          ]
        }
      ]
    },
    {
      "mode": "managed",
      "type": "azurerm_resource_group",
      "name": "rg",
      "provider": "provider[\"registry.terraform.io/hashicorp/azurerm\"]",
      "instances": [
        {
          "schema_version": 0,
          "attributes": {
            "id": "/subscriptions/6c9013c7-4e29-464a-ae66-9f9e7ea9c55d/resourceGroups/rg-acsy-dev",
            "location": "eastus2",
            "managed_by": "",
            "name": "rg-acsy-dev",
            "tags": {
              "created_by": "terraform",
              "environment": "dev",
              "project": "acsy"
            },
            "timeouts": null
          },
          "sensitive_attributes": [],
          "private": "eyJlMmJmYjczMC1lY2FhLTExZTYtOGY4OC0zNDM2M2JjN2M0YzAiOnsiY3JlYXRlIjo1NDAwMDAwMDAwMDAwLCJkZWxldGUiOjU0MDAwMDAwMDAwMDAsInJlYWQiOjMwMDAwMDAwMDAwMCwidXBkYXRlIjo1NDAwMDAwMDAwMDAwfX0="
        }
      ]
    },
    {
      "mode": "managed",
      "type": "azurerm_storage_account",
      "name": "storage_account",
      "provider": "provider[\"registry.terraform.io/hashicorp/azurerm\"]",
      "instances": [
        {
          "schema_version": 4,
          "attributes": {
            "access_tier": "Hot",
            "account_kind": "StorageV2",
            "account_replication_type": "LRS",
            "account_tier": "Standard",
            "allow_nested_items_to_be_public": true,
            "allowed_copy_scope": "",
            "azure_files_authentication": [],
            "blob_properties": [
              {
                "change_feed_enabled": false,
                "change_feed_retention_in_days": 0,
                "container_delete_retention_policy": [],
                "cors_rule": [],
                "default_service_version": "",
                "delete_retention_policy": [],
                "last_access_time_enabled": false,
                "restore_policy": [],
                "versioning_enabled": false
              }
            ],
            "cross_tenant_replication_enabled": false,
            "custom_domain": [],
            "customer_managed_key": [],
            "default_to_oauth_authentication": false,
            "dns_endpoint_type": "Standard",
            "edge_zone": "",
            "https_traffic_only_enabled": true,
            "id": "/subscriptions/6c9013c7-4e29-464a-ae66-9f9e7ea9c55d/resourceGroups/rg-acsy-dev/providers/Microsoft.Storage/storageAccounts/storageacsydev0606",
            "identity": [],
            "immutability_policy": [],
            "infrastructure_encryption_enabled": false,
            "is_hns_enabled": false,
            "large_file_share_enabled": false,
            "local_user_enabled": true,
            "location": "eastus2",
            "min_tls_version": "TLS1_2",
            "name": "storageacsydev0606",
            "network_rules": [],
            "nfsv3_enabled": false,
            "primary_access_key": "xw2KrWILyJqbpcyOmSI8hfNGjrj5+m0HFZ+Bh7YCSYZ5fSdBSxp6BpvUrrb0+12QD2UfP5Cxa4UG+AStyeAE1g==",
            "primary_blob_connection_string": "DefaultEndpointsProtocol=https;BlobEndpoint=https://storageacsydev0606.blob.core.windows.net/;AccountName=storageacsydev0606;AccountKey=xw2KrWILyJqbpcyOmSI8hfNGjrj5+m0HFZ+Bh7YCSYZ5fSdBSxp6BpvUrrb0+12QD2UfP5Cxa4UG+AStyeAE1g==",
            "primary_blob_endpoint": "https://storageacsydev0606.blob.core.windows.net/",
            "primary_blob_host": "storageacsydev0606.blob.core.windows.net",
            "primary_blob_internet_endpoint": "",
            "primary_blob_internet_host": "",
            "primary_blob_microsoft_endpoint": "",
            "primary_blob_microsoft_host": "",
            "primary_connection_string": "DefaultEndpointsProtocol=https;AccountName=storageacsydev0606;AccountKey=xw2KrWILyJqbpcyOmSI8hfNGjrj5+m0HFZ+Bh7YCSYZ5fSdBSxp6BpvUrrb0+12QD2UfP5Cxa4UG+AStyeAE1g==;EndpointSuffix=core.windows.net",
            "primary_dfs_endpoint": "https://storageacsydev0606.dfs.core.windows.net/",
            "primary_dfs_host": "storageacsydev0606.dfs.core.windows.net",
            "primary_dfs_internet_endpoint": "",
            "primary_dfs_internet_host": "",
            "primary_dfs_microsoft_endpoint": "",
            "primary_dfs_microsoft_host": "",
            "primary_file_endpoint": "https://storageacsydev0606.file.core.windows.net/",
            "primary_file_host": "storageacsydev0606.file.core.windows.net",
            "primary_file_internet_endpoint": "",
            "primary_file_internet_host": "",
            "primary_file_microsoft_endpoint": "",
            "primary_file_microsoft_host": "",
            "primary_location": "eastus2",
            "primary_queue_endpoint": "https://storageacsydev0606.queue.core.windows.net/",
            "primary_queue_host": "storageacsydev0606.queue.core.windows.net",
            "primary_queue_microsoft_endpoint": "",
            "primary_queue_microsoft_host": "",
            "primary_table_endpoint": "https://storageacsydev0606.table.core.windows.net/",
            "primary_table_host": "storageacsydev0606.table.core.windows.net",
            "primary_table_microsoft_endpoint": "",
            "primary_table_microsoft_host": "",
            "primary_web_endpoint": "https://storageacsydev0606.z20.web.core.windows.net/",
            "primary_web_host": "storageacsydev0606.z20.web.core.windows.net",
            "primary_web_internet_endpoint": "",
            "primary_web_internet_host": "",
            "primary_web_microsoft_endpoint": "",
            "primary_web_microsoft_host": "",
            "public_network_access_enabled": true,
            "queue_encryption_key_type": "Service",
            "queue_properties": [
              {
                "cors_rule": [],
                "hour_metrics": [
                  {
                    "enabled": true,
                    "include_apis": true,
                    "retention_policy_days": 7,
                    "version": "1.0"
                  }
                ],
                "logging": [
                  {
                    "delete": false,
                    "read": false,
                    "retention_policy_days": 0,
                    "version": "1.0",
                    "write": false
                  }
                ],
                "minute_metrics": [
                  {
                    "enabled": false,
                    "include_apis": false,
                    "retention_policy_days": 0,
                    "version": "1.0"
                  }
                ]
              }
            ],
            "resource_group_name": "rg-acsy-dev",
            "routing": [],
            "sas_policy": [],
            "secondary_access_key": "ikSL1F2G2gvw+65GmGkKXsB+hsTvF9mizzaOYuZUsLCkEXp+/I/UbQXn+R7wTmKs8nkSL7DKHNR8+AStMJUxjA==",
            "secondary_blob_connection_string": "",
            "secondary_blob_endpoint": "",
            "secondary_blob_host": "",
            "secondary_blob_internet_endpoint": "",
            "secondary_blob_internet_host": "",
            "secondary_blob_microsoft_endpoint": "",
            "secondary_blob_microsoft_host": "",
            "secondary_connection_string": "DefaultEndpointsProtocol=https;AccountName=storageacsydev0606;AccountKey=ikSL1F2G2gvw+65GmGkKXsB+hsTvF9mizzaOYuZUsLCkEXp+/I/UbQXn+R7wTmKs8nkSL7DKHNR8+AStMJUxjA==;EndpointSuffix=core.windows.net",
            "secondary_dfs_endpoint": "",
            "secondary_dfs_host": "",
            "secondary_dfs_internet_endpoint": "",
            "secondary_dfs_internet_host": "",
            "secondary_dfs_microsoft_endpoint": "",
            "secondary_dfs_microsoft_host": "",
            "secondary_file_endpoint": "",
            "secondary_file_host": "",
            "secondary_file_internet_endpoint": "",
            "secondary_file_internet_host": "",
            "secondary_file_microsoft_endpoint": "",
            "secondary_file_microsoft_host": "",
            "secondary_location": "",
            "secondary_queue_endpoint": "",
            "secondary_queue_host": "",
            "secondary_queue_microsoft_endpoint": "",
            "secondary_queue_microsoft_host": "",
            "secondary_table_endpoint": "",
            "secondary_table_host": "",
            "secondary_table_microsoft_endpoint": "",
            "secondary_table_microsoft_host": "",
            "secondary_web_endpoint": "",
            "secondary_web_host": "",
            "secondary_web_internet_endpoint": "",
            "secondary_web_internet_host": "",
            "secondary_web_microsoft_endpoint": "",
            "secondary_web_microsoft_host": "",
            "sftp_enabled": false,
            "share_properties": [
              {
                "cors_rule": [],
                "retention_policy": [
                  {
                    "days": 7
                  }
                ],
                "smb": []
              }
            ],
            "shared_access_key_enabled": true,
            "static_website": [],
            "table_encryption_key_type": "Service",
            "tags": {
              "created_by": "terraform",
              "environment": "dev",
              "project": "acsy"
            },
            "timeouts": null
          },
          "sensitive_attributes": [
            [
              {
                "type": "get_attr",
                "value": "secondary_access_key"
              }
            ],
            [
              {
                "type": "get_attr",
                "value": "primary_access_key"
              }
            ],
            [
              {
                "type": "get_attr",
                "value": "secondary_blob_connection_string"
              }
            ],
            [
              {
                "type": "get_attr",
                "value": "secondary_connection_string"
              }
            ],
            [
              {
                "type": "get_attr",
                "value": "primary_blob_connection_string"
              }
            ],
            [
              {
                "type": "get_attr",
                "value": "primary_connection_string"
              }
            ]
          ],
          "private": "eyJlMmJmYjczMC1lY2FhLTExZTYtOGY4OC0zNDM2M2JjN2M0YzAiOnsiY3JlYXRlIjozNjAwMDAwMDAwMDAwLCJkZWxldGUiOjM2MDAwMDAwMDAwMDAsInJlYWQiOjMwMDAwMDAwMDAwMCwidXBkYXRlIjozNjAwMDAwMDAwMDAwfSwic2NoZW1hX3ZlcnNpb24iOiI0In0=",
          "dependencies": [
            "azurerm_resource_group.rg"
          ]
        }
      ]
    },
    {
      "mode": "managed",
      "type": "azurerm_storage_container",
      "name": "blob_dbk_container",
      "provider": "provider[\"registry.terraform.io/hashicorp/azurerm\"]",
      "instances": [
        {
          "schema_version": 1,
          "attributes": {
            "container_access_type": "private",
            "default_encryption_scope": "$account-encryption-key",
            "encryption_scope_override_enabled": true,
            "has_immutability_policy": false,
            "has_legal_hold": false,
            "id": "https://storageacsydev0606.blob.core.windows.net/dbknowledge",
            "metadata": {},
            "name": "dbknowledge",
            "resource_manager_id": "/subscriptions/6c9013c7-4e29-464a-ae66-9f9e7ea9c55d/resourceGroups/rg-acsy-dev/providers/Microsoft.Storage/storageAccounts/storageacsydev0606/blobServices/default/containers/dbknowledge",
            "storage_account_name": "storageacsydev0606",
            "timeouts": null
          },
          "sensitive_attributes": [],
          "private": "eyJlMmJmYjczMC1lY2FhLTExZTYtOGY4OC0zNDM2M2JjN2M0YzAiOnsiY3JlYXRlIjoxODAwMDAwMDAwMDAwLCJkZWxldGUiOjE4MDAwMDAwMDAwMDAsInJlYWQiOjMwMDAwMDAwMDAwMCwidXBkYXRlIjoxODAwMDAwMDAwMDAwfSwic2NoZW1hX3ZlcnNpb24iOiIxIn0=",
          "dependencies": [
            "azurerm_resource_group.rg",
            "azurerm_storage_account.storage_account"
          ]
        }
      ]
    },
    {
      "mode": "managed",
      "type": "azurerm_storage_container",
      "name": "blob_dbv_container",
      "provider": "provider[\"registry.terraform.io/hashicorp/azurerm\"]",
      "instances": [
        {
          "schema_version": 1,
          "attributes": {
            "container_access_type": "private",
            "default_encryption_scope": "$account-encryption-key",
            "encryption_scope_override_enabled": true,
            "has_immutability_policy": false,
            "has_legal_hold": false,
            "id": "https://storageacsydev0606.blob.core.windows.net/dbvectors",
            "metadata": {},
            "name": "dbvectors",
            "resource_manager_id": "/subscriptions/6c9013c7-4e29-464a-ae66-9f9e7ea9c55d/resourceGroups/rg-acsy-dev/providers/Microsoft.Storage/storageAccounts/storageacsydev0606/blobServices/default/containers/dbvectors",
            "storage_account_name": "storageacsydev0606",
            "timeouts": null
          },
          "sensitive_attributes": [],
          "private": "eyJlMmJmYjczMC1lY2FhLTExZTYtOGY4OC0zNDM2M2JjN2M0YzAiOnsiY3JlYXRlIjoxODAwMDAwMDAwMDAwLCJkZWxldGUiOjE4MDAwMDAwMDAwMDAsInJlYWQiOjMwMDAwMDAwMDAwMCwidXBkYXRlIjoxODAwMDAwMDAwMDAwfSwic2NoZW1hX3ZlcnNpb24iOiIxIn0=",
          "dependencies": [
            "azurerm_resource_group.rg",
            "azurerm_storage_account.storage_account"
          ]
        }
      ]
    },
    {
      "mode": "managed",
      "type": "azurerm_storage_queue",
      "name": "storage_queue",
      "provider": "provider[\"registry.terraform.io/hashicorp/azurerm\"]",
      "instances": [
        {
          "schema_version": 1,
          "attributes": {
            "id": "https://storageacsydev0606.queue.core.windows.net/vectordb-calibration-request",
            "metadata": {},
            "name": "vectordb-calibration-request",
            "resource_manager_id": "/subscriptions/6c9013c7-4e29-464a-ae66-9f9e7ea9c55d/resourceGroups/rg-acsy-dev/providers/Microsoft.Storage/storageAccounts/storageacsydev0606/queueServices/default/queues/vectordb-calibration-request",
            "storage_account_name": "storageacsydev0606",
            "timeouts": null
          },
          "sensitive_attributes": [],
          "private": "eyJlMmJmYjczMC1lY2FhLTExZTYtOGY4OC0zNDM2M2JjN2M0YzAiOnsiY3JlYXRlIjoxODAwMDAwMDAwMDAwLCJkZWxldGUiOjE4MDAwMDAwMDAwMDAsInJlYWQiOjMwMDAwMDAwMDAwMCwidXBkYXRlIjoxODAwMDAwMDAwMDAwfSwic2NoZW1hX3ZlcnNpb24iOiIxIn0=",
          "dependencies": [
            "azurerm_resource_group.rg",
            "azurerm_storage_account.storage_account"
          ]
        }
      ]
    },
    {
      "mode": "managed",
      "type": "azurerm_subnet",
      "name": "subnetapp",
      "provider": "provider[\"registry.terraform.io/hashicorp/azurerm\"]",
      "instances": [
        {
          "schema_version": 0,
          "attributes": {
            "address_prefixes": [
              "10.0.2.0/24"
            ],
            "default_outbound_access_enabled": true,
            "delegation": [],
            "id": "/subscriptions/6c9013c7-4e29-464a-ae66-9f9e7ea9c55d/resourceGroups/rg-acsy-dev/providers/Microsoft.Network/virtualNetworks/vnet-acsy-dev/subnets/subnet-app-acsy-dev",
            "name": "subnet-app-acsy-dev",
            "private_endpoint_network_policies": "Disabled",
            "private_link_service_network_policies_enabled": true,
            "resource_group_name": "rg-acsy-dev",
            "service_endpoint_policy_ids": [],
            "service_endpoints": [],
            "timeouts": null,
            "virtual_network_name": "vnet-acsy-dev"
          },
          "sensitive_attributes": [],
          "private": "eyJlMmJmYjczMC1lY2FhLTExZTYtOGY4OC0zNDM2M2JjN2M0YzAiOnsiY3JlYXRlIjoxODAwMDAwMDAwMDAwLCJkZWxldGUiOjE4MDAwMDAwMDAwMDAsInJlYWQiOjMwMDAwMDAwMDAwMCwidXBkYXRlIjoxODAwMDAwMDAwMDAwfX0=",
          "dependencies": [
            "azurerm_resource_group.rg",
            "azurerm_virtual_network.vnet"
          ]
        }
      ]
    },
    {
      "mode": "managed",
      "type": "azurerm_subnet",
      "name": "subnetdb",
      "provider": "provider[\"registry.terraform.io/hashicorp/azurerm\"]",
      "instances": [
        {
          "schema_version": 0,
          "attributes": {
            "address_prefixes": [
              "10.0.1.0/24"
            ],
            "default_outbound_access_enabled": true,
            "delegation": [],
            "id": "/subscriptions/6c9013c7-4e29-464a-ae66-9f9e7ea9c55d/resourceGroups/rg-acsy-dev/providers/Microsoft.Network/virtualNetworks/vnet-acsy-dev/subnets/subnet-db-acsy-dev",
            "name": "subnet-db-acsy-dev",
            "private_endpoint_network_policies": "Disabled",
            "private_link_service_network_policies_enabled": true,
            "resource_group_name": "rg-acsy-dev",
            "service_endpoint_policy_ids": [],
            "service_endpoints": [],
            "timeouts": null,
            "virtual_network_name": "vnet-acsy-dev"
          },
          "sensitive_attributes": [],
          "private": "eyJlMmJmYjczMC1lY2FhLTExZTYtOGY4OC0zNDM2M2JjN2M0YzAiOnsiY3JlYXRlIjoxODAwMDAwMDAwMDAwLCJkZWxldGUiOjE4MDAwMDAwMDAwMDAsInJlYWQiOjMwMDAwMDAwMDAwMCwidXBkYXRlIjoxODAwMDAwMDAwMDAwfX0=",
          "dependencies": [
            "azurerm_resource_group.rg",
            "azurerm_virtual_network.vnet"
          ]
        }
      ]
    },
    {
      "mode": "managed",
      "type": "azurerm_subnet",
      "name": "subnetfunction",
      "provider": "provider[\"registry.terraform.io/hashicorp/azurerm\"]",
      "instances": [
        {
          "schema_version": 0,
          "attributes": {
            "address_prefixes": [
              "10.0.4.0/24"
            ],
            "default_outbound_access_enabled": true,
            "delegation": [],
            "id": "/subscriptions/6c9013c7-4e29-464a-ae66-9f9e7ea9c55d/resourceGroups/rg-acsy-dev/providers/Microsoft.Network/virtualNetworks/vnet-acsy-dev/subnets/subnet-function-acsy-dev",
            "name": "subnet-function-acsy-dev",
            "private_endpoint_network_policies": "Disabled",
            "private_link_service_network_policies_enabled": true,
            "resource_group_name": "rg-acsy-dev",
            "service_endpoint_policy_ids": [],
            "service_endpoints": [],
            "timeouts": null,
            "virtual_network_name": "vnet-acsy-dev"
          },
          "sensitive_attributes": [],
          "private": "eyJlMmJmYjczMC1lY2FhLTExZTYtOGY4OC0zNDM2M2JjN2M0YzAiOnsiY3JlYXRlIjoxODAwMDAwMDAwMDAwLCJkZWxldGUiOjE4MDAwMDAwMDAwMDAsInJlYWQiOjMwMDAwMDAwMDAwMCwidXBkYXRlIjoxODAwMDAwMDAwMDAwfX0=",
          "dependencies": [
            "azurerm_resource_group.rg",
            "azurerm_virtual_network.vnet"
          ]
        }
      ]
    },
    {
      "mode": "managed",
      "type": "azurerm_subnet",
      "name": "subnetweb",
      "provider": "provider[\"registry.terraform.io/hashicorp/azurerm\"]",
      "instances": [
        {
          "schema_version": 0,
          "attributes": {
            "address_prefixes": [
              "10.0.3.0/24"
            ],
            "default_outbound_access_enabled": true,
            "delegation": [
              {
                "name": "webapp_delegation",
                "service_delegation": [
                  {
                    "actions": [
                      "Microsoft.Network/virtualNetworks/subnets/join/action"
                    ],
                    "name": "Microsoft.Web/serverFarms"
                  }
                ]
              }
            ],
            "id": "/subscriptions/6c9013c7-4e29-464a-ae66-9f9e7ea9c55d/resourceGroups/rg-acsy-dev/providers/Microsoft.Network/virtualNetworks/vnet-acsy-dev/subnets/subnet-web-acsy-dev",
            "name": "subnet-web-acsy-dev",
            "private_endpoint_network_policies": "Disabled",
            "private_link_service_network_policies_enabled": true,
            "resource_group_name": "rg-acsy-dev",
            "service_endpoint_policy_ids": [],
            "service_endpoints": [],
            "timeouts": null,
            "virtual_network_name": "vnet-acsy-dev"
          },
          "sensitive_attributes": [],
          "private": "eyJlMmJmYjczMC1lY2FhLTExZTYtOGY4OC0zNDM2M2JjN2M0YzAiOnsiY3JlYXRlIjoxODAwMDAwMDAwMDAwLCJkZWxldGUiOjE4MDAwMDAwMDAwMDAsInJlYWQiOjMwMDAwMDAwMDAwMCwidXBkYXRlIjoxODAwMDAwMDAwMDAwfX0=",
          "dependencies": [
            "azurerm_resource_group.rg",
            "azurerm_virtual_network.vnet"
          ]
        }
      ]
    },
    {
      "mode": "managed",
      "type": "azurerm_virtual_network",
      "name": "vnet",
      "provider": "provider[\"registry.terraform.io/hashicorp/azurerm\"]",
      "instances": [
        {
          "schema_version": 0,
          "attributes": {
            "address_space": [
              "10.0.0.0/16"
            ],
            "bgp_community": "",
            "ddos_protection_plan": [],
            "dns_servers": [],
            "edge_zone": "",
            "encryption": [],
            "flow_timeout_in_minutes": 0,
            "guid": "ca5ab0c6-b2c7-44b2-b091-d8e1353ca219",
            "id": "/subscriptions/6c9013c7-4e29-464a-ae66-9f9e7ea9c55d/resourceGroups/rg-acsy-dev/providers/Microsoft.Network/virtualNetworks/vnet-acsy-dev",
            "location": "eastus2",
            "name": "vnet-acsy-dev",
            "resource_group_name": "rg-acsy-dev",
            "subnet": [
              {
                "address_prefixes": [
                  "10.0.1.0/24"
                ],
                "default_outbound_access_enabled": true,
                "delegation": [],
                "id": "/subscriptions/6c9013c7-4e29-464a-ae66-9f9e7ea9c55d/resourceGroups/rg-acsy-dev/providers/Microsoft.Network/virtualNetworks/vnet-acsy-dev/subnets/subnet-db-acsy-dev",
                "name": "subnet-db-acsy-dev",
                "private_endpoint_network_policies": "Disabled",
                "private_link_service_network_policies_enabled": true,
                "route_table_id": "",
                "security_group": "",
                "service_endpoint_policy_ids": [],
                "service_endpoints": []
              },
              {
                "address_prefixes": [
                  "10.0.2.0/24"
                ],
                "default_outbound_access_enabled": true,
                "delegation": [],
                "id": "/subscriptions/6c9013c7-4e29-464a-ae66-9f9e7ea9c55d/resourceGroups/rg-acsy-dev/providers/Microsoft.Network/virtualNetworks/vnet-acsy-dev/subnets/subnet-app-acsy-dev",
                "name": "subnet-app-acsy-dev",
                "private_endpoint_network_policies": "Disabled",
                "private_link_service_network_policies_enabled": true,
                "route_table_id": "",
                "security_group": "",
                "service_endpoint_policy_ids": [],
                "service_endpoints": []
              },
              {
                "address_prefixes": [
                  "10.0.3.0/24"
                ],
                "default_outbound_access_enabled": true,
                "delegation": [
                  {
                    "name": "webapp_delegation",
                    "service_delegation": [
                      {
                        "actions": [
                          "Microsoft.Network/virtualNetworks/subnets/action"
                        ],
                        "name": "Microsoft.Web/serverFarms"
                      }
                    ]
                  }
                ],
                "id": "/subscriptions/6c9013c7-4e29-464a-ae66-9f9e7ea9c55d/resourceGroups/rg-acsy-dev/providers/Microsoft.Network/virtualNetworks/vnet-acsy-dev/subnets/subnet-web-acsy-dev",
                "name": "subnet-web-acsy-dev",
                "private_endpoint_network_policies": "Disabled",
                "private_link_service_network_policies_enabled": true,
                "route_table_id": "",
                "security_group": "",
                "service_endpoint_policy_ids": [],
                "service_endpoints": []
              },
              {
                "address_prefixes": [
                  "10.0.4.0/24"
                ],
                "default_outbound_access_enabled": true,
                "delegation": [],
                "id": "/subscriptions/6c9013c7-4e29-464a-ae66-9f9e7ea9c55d/resourceGroups/rg-acsy-dev/providers/Microsoft.Network/virtualNetworks/vnet-acsy-dev/subnets/subnet-function-acsy-dev",
                "name": "subnet-function-acsy-dev",
                "private_endpoint_network_policies": "Disabled",
                "private_link_service_network_policies_enabled": true,
                "route_table_id": "",
                "security_group": "",
                "service_endpoint_policy_ids": [],
                "service_endpoints": []
              }
            ],
            "tags": {
              "created_by": "terraform",
              "environment": "dev",
              "project": "acsy"
            },
            "timeouts": null
          },
          "sensitive_attributes": [],
          "private": "eyJlMmJmYjczMC1lY2FhLTExZTYtOGY4OC0zNDM2M2JjN2M0YzAiOnsiY3JlYXRlIjoxODAwMDAwMDAwMDAwLCJkZWxldGUiOjE4MDAwMDAwMDAwMDAsInJlYWQiOjMwMDAwMDAwMDAwMCwidXBkYXRlIjoxODAwMDAwMDAwMDAwfX0=",
          "dependencies": [
            "azurerm_resource_group.rg"
          ]
        }
      ]
    }
  ],
  "check_results": null
}
